PODS:
  - AFNetworking (1.3.4)
  - Bolts (1.2.2):
    - Bolts/AppLinks (= 1.2.2)
    - Bolts/Tasks (= 1.2.2)
  - Bolts/AppLinks (1.2.2):
    - Bolts/Tasks
  - Bolts/Tasks (1.2.2)
  - CCHLinkTextView (1.2.0)
  - CHTCollectionViewWaterfallLayout (0.9.2)
  - FBSDKCoreKit (4.6.0):
    - Bolts (~> 1.1)
    - FBSDKCoreKit/arc (= 4.6.0)
    - FBSDKCoreKit/no-arc (= 4.6.0)
  - FBSDKCoreKit/arc (4.6.0):
    - Bolts (~> 1.1)
  - FBSDKCoreKit/no-arc (4.6.0):
    - Bolts (~> 1.1)
    - FBSDKCoreKit/arc
  - FBSDKLoginKit (4.6.0):
    - FBSDKCoreKit
  - FBSDKShareKit (4.6.0):
    - FBSDKCoreKit
  - FlurrySDK (6.6.0):
    - FlurrySDK/FlurrySDK (= 6.6.0)
  - FlurrySDK/FlurrySDK (6.6.0)
  - ISO8601DateFormatterValueTransformer (0.6.1):
    - RKValueTransformers (~> 1.1.0)
  - KIF (3.2.3):
    - KIF/XCTest (= 3.2.3)
  - KIF/XCTest (3.2.3)
  - KVOController (1.0.3)
  - MBProgressHUD (0.9.1)
  - Nocilla (0.8.1)
  - OAStackView (0.1.0)
  - RestKit (0.25.0):
    - RestKit/Core (= 0.25.0)
  - RestKit/Core (0.25.0):
    - RestKit/CoreData
    - RestKit/Network
    - RestKit/ObjectMapping
  - RestKit/CoreData (0.25.0):
    - RestKit/ObjectMapping
  - RestKit/Network (0.25.0):
    - AFNetworking (~> 1.3.0)
    - RestKit/ObjectMapping
    - RestKit/Support
    - SOCKit
  - RestKit/ObjectMapping (0.25.0):
    - ISO8601DateFormatterValueTransformer (~> 0.6.1)
    - RestKit/Support
    - RKValueTransformers (~> 1.1.0)
  - RestKit/Support (0.25.0):
    - TransitionKit (~> 2.1.0)
  - RKValueTransformers (1.1.2)
  - SDWebImage (3.7.3):
    - SDWebImage/Core (= 3.7.3)
  - SDWebImage/Core (3.7.3)
  - SOCKit (1.1)
  - TransitionKit (2.1.1)
  - TTTAttributedLabel (1.13.4)

DEPENDENCIES:
  - CCHLinkTextView
  - CHTCollectionViewWaterfallLayout
  - FBSDKCoreKit
  - FBSDKLoginKit
  - FBSDKShareKit
  - FlurrySDK (~> 6.6.0)
  - KIF (from `https://github.com/TouchFrame/KIF.git`)
  - KVOController
  - MBProgressHUD
  - Nocilla (from `https://github.com/TouchFrame/Nocilla.git`, branch `block-response`)
  - OAStackView
  - RestKit
  - SDWebImage
  - TTTAttributedLabel

EXTERNAL SOURCES:
  KIF:
    :git: https://github.com/TouchFrame/KIF.git
  Nocilla:
    :branch: block-response
    :git: https://github.com/TouchFrame/Nocilla.git

CHECKOUT OPTIONS:
  KIF:
    :commit: 9dc5e754f3fcced8104b90af5832f003495f1232
    :git: https://github.com/TouchFrame/KIF.git
  Nocilla:
    :commit: 7223801397388bf0d05ec6d25657468453245af1
    :git: https://github.com/TouchFrame/Nocilla.git

SPEC CHECKSUMS:
  AFNetworking: cf8e418e16f0c9c7e5c3150d019a3c679d015018
  Bolts: 20a2bd788273360cb1e31530dc19b8544eef2544
  CCHLinkTextView: bfe688e0b7d34088375a466524158765832f7657
  CHTCollectionViewWaterfallLayout: 43232febcb3e4d3985cd758718cbe499b21b822f
  FBSDKCoreKit: 9954492d90c5fd65ae831395697a1660360d61f1
  FBSDKLoginKit: 3d07febbfa884b9878cacba54f705bb41f07d4b6
  FBSDKShareKit: f474f1123791e215d0299b98b3ee92ddd9187d86
  FlurrySDK: b79d7125293904a572d7539e64cd9d887f46176b
  ISO8601DateFormatterValueTransformer: 52da467d6ec899d6aedda8e48280ac92e8ee97e6
  KIF: a94bffe9c97e449e44f8fa481c53243d21309e1e
  KVOController: 9fd8f0343670994e4b6f9f0b31f5a45663f3e1cf
  MBProgressHUD: c47f2c166c126cf2ce36498d80f33e754d4e93ad
  Nocilla: 76a45b3103ac986bedd189eb8773f23995d9851d
  OAStackView: 76e64242351e2746374b9161a03021cbc19341ff
  RestKit: a4fcaf3d4bb2c204679856a46d596160bf208095
  RKValueTransformers: 66ac5e4f077fdbe3496e792d89eeff4c3eb67701
  SDWebImage: 1d2b1a1efda1ade1b00b6f8498865f8ddedc8a84
  SOCKit: c7376ac262bea9115b8f749358f762522a47d392
  TransitionKit: 3a14b6acc7cf2d1dd3e454e24dbad1cfab9a1ef1
  TTTAttributedLabel: 0a2ac7b2dd726d32a070dafb01446026b11e624f

COCOAPODS: 0.38.2
