// !$*UTF8*$!
{
	archiveVersion = 1;
	classes = {
	};
	objectVersion = 46;
	objects = {

/* Begin PBXBuildFile section */
		9CB09319D7334D91B4DED878 /* libPods.a in Frameworks */ = {isa = PBXBuildFile; fileRef = B15D4A5304A04D16AD420BCD /* libPods.a */; };
		BE4E74C91846A11200344677 /* Sequence+RestKit.m in Sources */ = {isa = PBXBuildFile; fileRef = BE4E74C81846A11200344677 /* Sequence+RestKit.m */; };
		BE4E74ED1846B76900344677 /* StatInteraction.m in Sources */ = {isa = PBXBuildFile; fileRef = BE4E74EC1846B76900344677 /* StatInteraction.m */; };
		BE4E74F31846B76900344677 /* StatSequence.m in Sources */ = {isa = PBXBuildFile; fileRef = BE4E74F21846B76900344677 /* StatSequence.m */; };
		BE4E74FC1846B76900344677 /* Sequence.m in Sources */ = {isa = PBXBuildFile; fileRef = BE4E74FB1846B76900344677 /* Sequence.m */; };
		BE4E74FF1846B76900344677 /* VCategory.m in Sources */ = {isa = PBXBuildFile; fileRef = BE4E74FE1846B76900344677 /* VCategory.m */; };
		BE4E75021846B76900344677 /* StatAnswer.m in Sources */ = {isa = PBXBuildFile; fileRef = BE4E75011846B76900344677 /* StatAnswer.m */; };
		BE4E75051846B76900344677 /* Rule.m in Sources */ = {isa = PBXBuildFile; fileRef = BE4E75041846B76900344677 /* Rule.m */; };
		BE4E75111846B78000344677 /* Node.m in Sources */ = {isa = PBXBuildFile; fileRef = BE4E75101846B78000344677 /* Node.m */; };
		BE4E75141846B78000344677 /* InteractionAction.m in Sources */ = {isa = PBXBuildFile; fileRef = BE4E75131846B78000344677 /* InteractionAction.m */; };
		BE4E75171846B78000344677 /* NodeAction.m in Sources */ = {isa = PBXBuildFile; fileRef = BE4E75161846B78000344677 /* NodeAction.m */; };
		BE4E751A1846B78000344677 /* Interaction.m in Sources */ = {isa = PBXBuildFile; fileRef = BE4E75191846B78000344677 /* Interaction.m */; };
		BE4E75231846B7CE00344677 /* Answer.m in Sources */ = {isa = PBXBuildFile; fileRef = BE4E75221846B7CE00344677 /* Answer.m */; };
		BE4E75261846B7CE00344677 /* Asset.m in Sources */ = {isa = PBXBuildFile; fileRef = BE4E75251846B7CE00344677 /* Asset.m */; };
		BE4E75291846B7CE00344677 /* Categories.m in Sources */ = {isa = PBXBuildFile; fileRef = BE4E75281846B7CE00344677 /* Categories.m */; };
		BE4E752C1846B7CE00344677 /* AnswerAction.m in Sources */ = {isa = PBXBuildFile; fileRef = BE4E752B1846B7CE00344677 /* AnswerAction.m */; };
		BE4E752F1846B7CF00344677 /* Comment.m in Sources */ = {isa = PBXBuildFile; fileRef = BE4E752E1846B7CF00344677 /* Comment.m */; };
		BE4E75351846BB6500344677 /* User+RestKit.m in Sources */ = {isa = PBXBuildFile; fileRef = BE4E75341846BB6500344677 /* User+RestKit.m */; };
		BE4E753C1846BF0700344677 /* VLoginManager.m in Sources */ = {isa = PBXBuildFile; fileRef = BE4E753B1846BF0700344677 /* VLoginManager.m */; };
		BE4E75451846D92A00344677 /* User.m in Sources */ = {isa = PBXBuildFile; fileRef = BE4E75441846D92A00344677 /* User.m */; };
		BE4E754818493C0800344677 /* NSManagedObject+EasyFetching.m in Sources */ = {isa = PBXBuildFile; fileRef = BE4E754718493C0800344677 /* NSManagedObject+EasyFetching.m */; };
		BE4E754B184942F100344677 /* VSequenceManager.m in Sources */ = {isa = PBXBuildFile; fileRef = BE4E754A184942F100344677 /* VSequenceManager.m */; };
		BE4E75511849471F00344677 /* Categories+RestKit.m in Sources */ = {isa = PBXBuildFile; fileRef = BE4E75501849471F00344677 /* Categories+RestKit.m */; };
		BE4E7554184955BE00344677 /* VObjectManager.m in Sources */ = {isa = PBXBuildFile; fileRef = BE4E7553184955BE00344677 /* VObjectManager.m */; };
		BE5AC26C184A846500121126 /* InteractionAction+RestKit.m in Sources */ = {isa = PBXBuildFile; fileRef = BE5AC26B184A846500121126 /* InteractionAction+RestKit.m */; };
		BE5AC26F184A84CD00121126 /* Rule+RestKit.m in Sources */ = {isa = PBXBuildFile; fileRef = BE5AC26E184A84CD00121126 /* Rule+RestKit.m */; };
		BE5AC272184A858000121126 /* NodeAction+RestKit.m in Sources */ = {isa = PBXBuildFile; fileRef = BE5AC271184A858000121126 /* NodeAction+RestKit.m */; };
		BE5AC275184A870A00121126 /* StatAnswer+RestKit.m in Sources */ = {isa = PBXBuildFile; fileRef = BE5AC274184A870A00121126 /* StatAnswer+RestKit.m */; };
		BE5AC278184A871600121126 /* StatInteraction+RestKit.m in Sources */ = {isa = PBXBuildFile; fileRef = BE5AC277184A871600121126 /* StatInteraction+RestKit.m */; };
		BE5AC27B184A872100121126 /* StatSequence+RestKit.m in Sources */ = {isa = PBXBuildFile; fileRef = BE5AC27A184A872100121126 /* StatSequence+RestKit.m */; };
		BE98AA521849DDD300777916 /* VCategory+RestKit.m in Sources */ = {isa = PBXBuildFile; fileRef = BE98AA511849DDD300777916 /* VCategory+RestKit.m */; };
		BE98AA551849DE4200777916 /* Interaction+RestKit.m in Sources */ = {isa = PBXBuildFile; fileRef = BE98AA541849DE4200777916 /* Interaction+RestKit.m */; };
		BE98AA581849DE5800777916 /* Comment+RestKit.m in Sources */ = {isa = PBXBuildFile; fileRef = BE98AA571849DE5800777916 /* Comment+RestKit.m */; };
		BE98AA5B1849DE9400777916 /* Node+RestKit.m in Sources */ = {isa = PBXBuildFile; fileRef = BE98AA5A1849DE9400777916 /* Node+RestKit.m */; };
		BE98AA5E1849DEA500777916 /* Asset+RestKit.m in Sources */ = {isa = PBXBuildFile; fileRef = BE98AA5D1849DEA500777916 /* Asset+RestKit.m */; };
		BE98AA611849DF3400777916 /* Answer+RestKit.m in Sources */ = {isa = PBXBuildFile; fileRef = BE98AA601849DF3400777916 /* Answer+RestKit.m */; };
		BE98AA641849DF4100777916 /* AnswerAction+RestKit.m in Sources */ = {isa = PBXBuildFile; fileRef = BE98AA631849DF4100777916 /* AnswerAction+RestKit.m */; };
		BEA4F2291843F097001F5B15 /* Foundation.framework in Frameworks */ = {isa = PBXBuildFile; fileRef = BEA4F2281843F097001F5B15 /* Foundation.framework */; };
		BEA4F22B1843F097001F5B15 /* CoreGraphics.framework in Frameworks */ = {isa = PBXBuildFile; fileRef = BEA4F22A1843F097001F5B15 /* CoreGraphics.framework */; };
		BEA4F22D1843F097001F5B15 /* UIKit.framework in Frameworks */ = {isa = PBXBuildFile; fileRef = BEA4F22C1843F097001F5B15 /* UIKit.framework */; };
		BEA4F22F1843F097001F5B15 /* CoreData.framework in Frameworks */ = {isa = PBXBuildFile; fileRef = BEA4F22E1843F097001F5B15 /* CoreData.framework */; };
		BEA4F2351843F097001F5B15 /* InfoPlist.strings in Resources */ = {isa = PBXBuildFile; fileRef = BEA4F2331843F097001F5B15 /* InfoPlist.strings */; };
		BEA4F2371843F097001F5B15 /* main.m in Sources */ = {isa = PBXBuildFile; fileRef = BEA4F2361843F097001F5B15 /* main.m */; };
		BEA4F23B1843F097001F5B15 /* VAppDelegate.m in Sources */ = {isa = PBXBuildFile; fileRef = BEA4F23A1843F097001F5B15 /* VAppDelegate.m */; };
		BEA4F23E1843F097001F5B15 /* victoriOS.xcdatamodeld in Sources */ = {isa = PBXBuildFile; fileRef = BEA4F23C1843F097001F5B15 /* victoriOS.xcdatamodeld */; };
		BEA4F2401843F097001F5B15 /* Images.xcassets in Resources */ = {isa = PBXBuildFile; fileRef = BEA4F23F1843F097001F5B15 /* Images.xcassets */; };
		BEA4F2471843F097001F5B15 /* XCTest.framework in Frameworks */ = {isa = PBXBuildFile; fileRef = BEA4F2461843F097001F5B15 /* XCTest.framework */; };
		BEA4F2481843F097001F5B15 /* Foundation.framework in Frameworks */ = {isa = PBXBuildFile; fileRef = BEA4F2281843F097001F5B15 /* Foundation.framework */; };
		BEA4F2491843F097001F5B15 /* UIKit.framework in Frameworks */ = {isa = PBXBuildFile; fileRef = BEA4F22C1843F097001F5B15 /* UIKit.framework */; };
		BEA4F24A1843F097001F5B15 /* CoreData.framework in Frameworks */ = {isa = PBXBuildFile; fileRef = BEA4F22E1843F097001F5B15 /* CoreData.framework */; };
		BEA4F2521843F097001F5B15 /* InfoPlist.strings in Resources */ = {isa = PBXBuildFile; fileRef = BEA4F2501843F097001F5B15 /* InfoPlist.strings */; };
		BEA4F2541843F097001F5B15 /* victoriOSTests.m in Sources */ = {isa = PBXBuildFile; fileRef = BEA4F2531843F097001F5B15 /* victoriOSTests.m */; };
/* End PBXBuildFile section */

/* Begin PBXContainerItemProxy section */
		BEA4F24B1843F097001F5B15 /* PBXContainerItemProxy */ = {
			isa = PBXContainerItemProxy;
			containerPortal = BEA4F21D1843F097001F5B15 /* Project object */;
			proxyType = 1;
			remoteGlobalIDString = BEA4F2241843F097001F5B15;
			remoteInfo = victoriOS;
		};
/* End PBXContainerItemProxy section */

/* Begin PBXFileReference section */
		4F627C2BF55A46F299155184 /* Pods.xcconfig */ = {isa = PBXFileReference; includeInIndex = 1; lastKnownFileType = text.xcconfig; name = Pods.xcconfig; path = Pods/Pods.xcconfig; sourceTree = "<group>"; };
		B15D4A5304A04D16AD420BCD /* libPods.a */ = {isa = PBXFileReference; explicitFileType = archive.ar; includeInIndex = 0; path = libPods.a; sourceTree = BUILT_PRODUCTS_DIR; };
		BE4E74C71846A11200344677 /* Sequence+RestKit.h */ = {isa = PBXFileReference; fileEncoding = 4; lastKnownFileType = sourcecode.c.h; name = "Sequence+RestKit.h"; path = "Categories/Models/Sequence+RestKit.h"; sourceTree = "<group>"; };
		BE4E74C81846A11200344677 /* Sequence+RestKit.m */ = {isa = PBXFileReference; fileEncoding = 4; lastKnownFileType = sourcecode.c.objc; name = "Sequence+RestKit.m"; path = "Categories/Models/Sequence+RestKit.m"; sourceTree = "<group>"; };
		BE4E74EB1846B76900344677 /* StatInteraction.h */ = {isa = PBXFileReference; fileEncoding = 4; lastKnownFileType = sourcecode.c.h; name = StatInteraction.h; path = Models/StatInteraction.h; sourceTree = "<group>"; };
		BE4E74EC1846B76900344677 /* StatInteraction.m */ = {isa = PBXFileReference; fileEncoding = 4; lastKnownFileType = sourcecode.c.objc; name = StatInteraction.m; path = Models/StatInteraction.m; sourceTree = "<group>"; };
		BE4E74F11846B76900344677 /* StatSequence.h */ = {isa = PBXFileReference; fileEncoding = 4; lastKnownFileType = sourcecode.c.h; name = StatSequence.h; path = Models/StatSequence.h; sourceTree = "<group>"; };
		BE4E74F21846B76900344677 /* StatSequence.m */ = {isa = PBXFileReference; fileEncoding = 4; lastKnownFileType = sourcecode.c.objc; name = StatSequence.m; path = Models/StatSequence.m; sourceTree = "<group>"; };
		BE4E74FA1846B76900344677 /* Sequence.h */ = {isa = PBXFileReference; fileEncoding = 4; lastKnownFileType = sourcecode.c.h; name = Sequence.h; path = Models/Sequence.h; sourceTree = "<group>"; };
		BE4E74FB1846B76900344677 /* Sequence.m */ = {isa = PBXFileReference; fileEncoding = 4; lastKnownFileType = sourcecode.c.objc; name = Sequence.m; path = Models/Sequence.m; sourceTree = "<group>"; };
		BE4E74FD1846B76900344677 /* VCategory.h */ = {isa = PBXFileReference; fileEncoding = 4; lastKnownFileType = sourcecode.c.h; name = VCategory.h; path = Models/VCategory.h; sourceTree = "<group>"; };
		BE4E74FE1846B76900344677 /* VCategory.m */ = {isa = PBXFileReference; fileEncoding = 4; lastKnownFileType = sourcecode.c.objc; name = VCategory.m; path = Models/VCategory.m; sourceTree = "<group>"; };
		BE4E75001846B76900344677 /* StatAnswer.h */ = {isa = PBXFileReference; fileEncoding = 4; lastKnownFileType = sourcecode.c.h; name = StatAnswer.h; path = Models/StatAnswer.h; sourceTree = "<group>"; };
		BE4E75011846B76900344677 /* StatAnswer.m */ = {isa = PBXFileReference; fileEncoding = 4; lastKnownFileType = sourcecode.c.objc; name = StatAnswer.m; path = Models/StatAnswer.m; sourceTree = "<group>"; };
		BE4E75031846B76900344677 /* Rule.h */ = {isa = PBXFileReference; fileEncoding = 4; lastKnownFileType = sourcecode.c.h; name = Rule.h; path = Models/Rule.h; sourceTree = "<group>"; };
		BE4E75041846B76900344677 /* Rule.m */ = {isa = PBXFileReference; fileEncoding = 4; lastKnownFileType = sourcecode.c.objc; name = Rule.m; path = Models/Rule.m; sourceTree = "<group>"; };
		BE4E750F1846B78000344677 /* Node.h */ = {isa = PBXFileReference; fileEncoding = 4; lastKnownFileType = sourcecode.c.h; name = Node.h; path = Models/Node.h; sourceTree = "<group>"; };
		BE4E75101846B78000344677 /* Node.m */ = {isa = PBXFileReference; fileEncoding = 4; lastKnownFileType = sourcecode.c.objc; name = Node.m; path = Models/Node.m; sourceTree = "<group>"; };
		BE4E75121846B78000344677 /* InteractionAction.h */ = {isa = PBXFileReference; fileEncoding = 4; lastKnownFileType = sourcecode.c.h; name = InteractionAction.h; path = Models/InteractionAction.h; sourceTree = "<group>"; };
		BE4E75131846B78000344677 /* InteractionAction.m */ = {isa = PBXFileReference; fileEncoding = 4; lastKnownFileType = sourcecode.c.objc; name = InteractionAction.m; path = Models/InteractionAction.m; sourceTree = "<group>"; };
		BE4E75151846B78000344677 /* NodeAction.h */ = {isa = PBXFileReference; fileEncoding = 4; lastKnownFileType = sourcecode.c.h; name = NodeAction.h; path = Models/NodeAction.h; sourceTree = "<group>"; };
		BE4E75161846B78000344677 /* NodeAction.m */ = {isa = PBXFileReference; fileEncoding = 4; lastKnownFileType = sourcecode.c.objc; name = NodeAction.m; path = Models/NodeAction.m; sourceTree = "<group>"; };
		BE4E75181846B78000344677 /* Interaction.h */ = {isa = PBXFileReference; fileEncoding = 4; lastKnownFileType = sourcecode.c.h; name = Interaction.h; path = Models/Interaction.h; sourceTree = "<group>"; };
		BE4E75191846B78000344677 /* Interaction.m */ = {isa = PBXFileReference; fileEncoding = 4; lastKnownFileType = sourcecode.c.objc; name = Interaction.m; path = Models/Interaction.m; sourceTree = "<group>"; };
		BE4E75211846B7CE00344677 /* Answer.h */ = {isa = PBXFileReference; fileEncoding = 4; lastKnownFileType = sourcecode.c.h; name = Answer.h; path = Models/Answer.h; sourceTree = "<group>"; };
		BE4E75221846B7CE00344677 /* Answer.m */ = {isa = PBXFileReference; fileEncoding = 4; lastKnownFileType = sourcecode.c.objc; name = Answer.m; path = Models/Answer.m; sourceTree = "<group>"; };
		BE4E75241846B7CE00344677 /* Asset.h */ = {isa = PBXFileReference; fileEncoding = 4; lastKnownFileType = sourcecode.c.h; name = Asset.h; path = Models/Asset.h; sourceTree = "<group>"; };
		BE4E75251846B7CE00344677 /* Asset.m */ = {isa = PBXFileReference; fileEncoding = 4; lastKnownFileType = sourcecode.c.objc; name = Asset.m; path = Models/Asset.m; sourceTree = "<group>"; };
		BE4E75271846B7CE00344677 /* Categories.h */ = {isa = PBXFileReference; fileEncoding = 4; lastKnownFileType = sourcecode.c.h; name = Categories.h; path = Models/Categories.h; sourceTree = "<group>"; };
		BE4E75281846B7CE00344677 /* Categories.m */ = {isa = PBXFileReference; fileEncoding = 4; lastKnownFileType = sourcecode.c.objc; name = Categories.m; path = Models/Categories.m; sourceTree = "<group>"; };
		BE4E752A1846B7CE00344677 /* AnswerAction.h */ = {isa = PBXFileReference; fileEncoding = 4; lastKnownFileType = sourcecode.c.h; name = AnswerAction.h; path = Models/AnswerAction.h; sourceTree = "<group>"; };
		BE4E752B1846B7CE00344677 /* AnswerAction.m */ = {isa = PBXFileReference; fileEncoding = 4; lastKnownFileType = sourcecode.c.objc; name = AnswerAction.m; path = Models/AnswerAction.m; sourceTree = "<group>"; };
		BE4E752D1846B7CF00344677 /* Comment.h */ = {isa = PBXFileReference; fileEncoding = 4; lastKnownFileType = sourcecode.c.h; name = Comment.h; path = Models/Comment.h; sourceTree = "<group>"; };
		BE4E752E1846B7CF00344677 /* Comment.m */ = {isa = PBXFileReference; fileEncoding = 4; lastKnownFileType = sourcecode.c.objc; name = Comment.m; path = Models/Comment.m; sourceTree = "<group>"; };
		BE4E75331846BB6500344677 /* User+RestKit.h */ = {isa = PBXFileReference; fileEncoding = 4; lastKnownFileType = sourcecode.c.h; name = "User+RestKit.h"; path = "Categories/Models/User+RestKit.h"; sourceTree = "<group>"; };
		BE4E75341846BB6500344677 /* User+RestKit.m */ = {isa = PBXFileReference; fileEncoding = 4; lastKnownFileType = sourcecode.c.objc; name = "User+RestKit.m"; path = "Categories/Models/User+RestKit.m"; sourceTree = "<group>"; };
		BE4E753A1846BF0700344677 /* VLoginManager.h */ = {isa = PBXFileReference; fileEncoding = 4; lastKnownFileType = sourcecode.c.h; name = VLoginManager.h; path = Managers/VLoginManager.h; sourceTree = "<group>"; };
		BE4E753B1846BF0700344677 /* VLoginManager.m */ = {isa = PBXFileReference; fileEncoding = 4; lastKnownFileType = sourcecode.c.objc; name = VLoginManager.m; path = Managers/VLoginManager.m; sourceTree = "<group>"; };
		BE4E75431846D92A00344677 /* User.h */ = {isa = PBXFileReference; fileEncoding = 4; lastKnownFileType = sourcecode.c.h; name = User.h; path = Models/User.h; sourceTree = "<group>"; };
		BE4E75441846D92A00344677 /* User.m */ = {isa = PBXFileReference; fileEncoding = 4; lastKnownFileType = sourcecode.c.objc; name = User.m; path = Models/User.m; sourceTree = "<group>"; };
		BE4E754618493C0800344677 /* NSManagedObject+EasyFetching.h */ = {isa = PBXFileReference; fileEncoding = 4; lastKnownFileType = sourcecode.c.h; name = "NSManagedObject+EasyFetching.h"; path = "Categories/Models/NSManagedObject+EasyFetching.h"; sourceTree = "<group>"; };
		BE4E754718493C0800344677 /* NSManagedObject+EasyFetching.m */ = {isa = PBXFileReference; fileEncoding = 4; lastKnownFileType = sourcecode.c.objc; name = "NSManagedObject+EasyFetching.m"; path = "Categories/Models/NSManagedObject+EasyFetching.m"; sourceTree = "<group>"; };
		BE4E7549184942F100344677 /* VSequenceManager.h */ = {isa = PBXFileReference; fileEncoding = 4; lastKnownFileType = sourcecode.c.h; name = VSequenceManager.h; path = Managers/VSequenceManager.h; sourceTree = "<group>"; };
		BE4E754A184942F100344677 /* VSequenceManager.m */ = {isa = PBXFileReference; fileEncoding = 4; lastKnownFileType = sourcecode.c.objc; name = VSequenceManager.m; path = Managers/VSequenceManager.m; sourceTree = "<group>"; };
		BE4E754F1849471F00344677 /* Categories+RestKit.h */ = {isa = PBXFileReference; fileEncoding = 4; lastKnownFileType = sourcecode.c.h; name = "Categories+RestKit.h"; path = "Categories/Models/Categories+RestKit.h"; sourceTree = "<group>"; };
		BE4E75501849471F00344677 /* Categories+RestKit.m */ = {isa = PBXFileReference; fileEncoding = 4; lastKnownFileType = sourcecode.c.objc; name = "Categories+RestKit.m"; path = "Categories/Models/Categories+RestKit.m"; sourceTree = "<group>"; };
		BE4E7552184955BE00344677 /* VObjectManager.h */ = {isa = PBXFileReference; fileEncoding = 4; lastKnownFileType = sourcecode.c.h; name = VObjectManager.h; path = Managers/VObjectManager.h; sourceTree = "<group>"; };
		BE4E7553184955BE00344677 /* VObjectManager.m */ = {isa = PBXFileReference; fileEncoding = 4; lastKnownFileType = sourcecode.c.objc; name = VObjectManager.m; path = Managers/VObjectManager.m; sourceTree = "<group>"; };
		BE5AC26A184A846500121126 /* InteractionAction+RestKit.h */ = {isa = PBXFileReference; fileEncoding = 4; lastKnownFileType = sourcecode.c.h; name = "InteractionAction+RestKit.h"; path = "Categories/Models/InteractionAction+RestKit.h"; sourceTree = "<group>"; };
		BE5AC26B184A846500121126 /* InteractionAction+RestKit.m */ = {isa = PBXFileReference; fileEncoding = 4; lastKnownFileType = sourcecode.c.objc; name = "InteractionAction+RestKit.m"; path = "Categories/Models/InteractionAction+RestKit.m"; sourceTree = "<group>"; };
		BE5AC26D184A84CD00121126 /* Rule+RestKit.h */ = {isa = PBXFileReference; fileEncoding = 4; lastKnownFileType = sourcecode.c.h; name = "Rule+RestKit.h"; path = "Categories/Models/Rule+RestKit.h"; sourceTree = "<group>"; };
		BE5AC26E184A84CD00121126 /* Rule+RestKit.m */ = {isa = PBXFileReference; fileEncoding = 4; lastKnownFileType = sourcecode.c.objc; name = "Rule+RestKit.m"; path = "Categories/Models/Rule+RestKit.m"; sourceTree = "<group>"; };
		BE5AC270184A858000121126 /* NodeAction+RestKit.h */ = {isa = PBXFileReference; fileEncoding = 4; lastKnownFileType = sourcecode.c.h; name = "NodeAction+RestKit.h"; path = "Categories/Models/NodeAction+RestKit.h"; sourceTree = "<group>"; };
		BE5AC271184A858000121126 /* NodeAction+RestKit.m */ = {isa = PBXFileReference; fileEncoding = 4; lastKnownFileType = sourcecode.c.objc; name = "NodeAction+RestKit.m"; path = "Categories/Models/NodeAction+RestKit.m"; sourceTree = "<group>"; };
		BE5AC273184A870A00121126 /* StatAnswer+RestKit.h */ = {isa = PBXFileReference; fileEncoding = 4; lastKnownFileType = sourcecode.c.h; name = "StatAnswer+RestKit.h"; path = "Categories/Models/StatAnswer+RestKit.h"; sourceTree = "<group>"; };
		BE5AC274184A870A00121126 /* StatAnswer+RestKit.m */ = {isa = PBXFileReference; fileEncoding = 4; lastKnownFileType = sourcecode.c.objc; name = "StatAnswer+RestKit.m"; path = "Categories/Models/StatAnswer+RestKit.m"; sourceTree = "<group>"; };
		BE5AC276184A871600121126 /* StatInteraction+RestKit.h */ = {isa = PBXFileReference; fileEncoding = 4; lastKnownFileType = sourcecode.c.h; name = "StatInteraction+RestKit.h"; path = "Categories/Models/StatInteraction+RestKit.h"; sourceTree = "<group>"; };
		BE5AC277184A871600121126 /* StatInteraction+RestKit.m */ = {isa = PBXFileReference; fileEncoding = 4; lastKnownFileType = sourcecode.c.objc; name = "StatInteraction+RestKit.m"; path = "Categories/Models/StatInteraction+RestKit.m"; sourceTree = "<group>"; };
		BE5AC279184A872100121126 /* StatSequence+RestKit.h */ = {isa = PBXFileReference; fileEncoding = 4; lastKnownFileType = sourcecode.c.h; name = "StatSequence+RestKit.h"; path = "Categories/Models/StatSequence+RestKit.h"; sourceTree = "<group>"; };
		BE5AC27A184A872100121126 /* StatSequence+RestKit.m */ = {isa = PBXFileReference; fileEncoding = 4; lastKnownFileType = sourcecode.c.objc; name = "StatSequence+RestKit.m"; path = "Categories/Models/StatSequence+RestKit.m"; sourceTree = "<group>"; };
		BE98AA501849DDD300777916 /* VCategory+RestKit.h */ = {isa = PBXFileReference; fileEncoding = 4; lastKnownFileType = sourcecode.c.h; name = "VCategory+RestKit.h"; path = "Categories/Models/VCategory+RestKit.h"; sourceTree = "<group>"; };
		BE98AA511849DDD300777916 /* VCategory+RestKit.m */ = {isa = PBXFileReference; fileEncoding = 4; lastKnownFileType = sourcecode.c.objc; name = "VCategory+RestKit.m"; path = "Categories/Models/VCategory+RestKit.m"; sourceTree = "<group>"; };
		BE98AA531849DE4200777916 /* Interaction+RestKit.h */ = {isa = PBXFileReference; fileEncoding = 4; lastKnownFileType = sourcecode.c.h; name = "Interaction+RestKit.h"; path = "Categories/Models/Interaction+RestKit.h"; sourceTree = "<group>"; };
		BE98AA541849DE4200777916 /* Interaction+RestKit.m */ = {isa = PBXFileReference; fileEncoding = 4; lastKnownFileType = sourcecode.c.objc; name = "Interaction+RestKit.m"; path = "Categories/Models/Interaction+RestKit.m"; sourceTree = "<group>"; };
		BE98AA561849DE5800777916 /* Comment+RestKit.h */ = {isa = PBXFileReference; fileEncoding = 4; lastKnownFileType = sourcecode.c.h; name = "Comment+RestKit.h"; path = "Categories/Models/Comment+RestKit.h"; sourceTree = "<group>"; };
		BE98AA571849DE5800777916 /* Comment+RestKit.m */ = {isa = PBXFileReference; fileEncoding = 4; lastKnownFileType = sourcecode.c.objc; name = "Comment+RestKit.m"; path = "Categories/Models/Comment+RestKit.m"; sourceTree = "<group>"; };
		BE98AA591849DE9400777916 /* Node+RestKit.h */ = {isa = PBXFileReference; fileEncoding = 4; lastKnownFileType = sourcecode.c.h; name = "Node+RestKit.h"; path = "Categories/Models/Node+RestKit.h"; sourceTree = "<group>"; };
		BE98AA5A1849DE9400777916 /* Node+RestKit.m */ = {isa = PBXFileReference; fileEncoding = 4; lastKnownFileType = sourcecode.c.objc; name = "Node+RestKit.m"; path = "Categories/Models/Node+RestKit.m"; sourceTree = "<group>"; };
		BE98AA5C1849DEA500777916 /* Asset+RestKit.h */ = {isa = PBXFileReference; fileEncoding = 4; lastKnownFileType = sourcecode.c.h; name = "Asset+RestKit.h"; path = "Categories/Models/Asset+RestKit.h"; sourceTree = "<group>"; };
		BE98AA5D1849DEA500777916 /* Asset+RestKit.m */ = {isa = PBXFileReference; fileEncoding = 4; lastKnownFileType = sourcecode.c.objc; name = "Asset+RestKit.m"; path = "Categories/Models/Asset+RestKit.m"; sourceTree = "<group>"; };
		BE98AA5F1849DF3400777916 /* Answer+RestKit.h */ = {isa = PBXFileReference; fileEncoding = 4; lastKnownFileType = sourcecode.c.h; name = "Answer+RestKit.h"; path = "Categories/Models/Answer+RestKit.h"; sourceTree = "<group>"; };
		BE98AA601849DF3400777916 /* Answer+RestKit.m */ = {isa = PBXFileReference; fileEncoding = 4; lastKnownFileType = sourcecode.c.objc; name = "Answer+RestKit.m"; path = "Categories/Models/Answer+RestKit.m"; sourceTree = "<group>"; };
		BE98AA621849DF4100777916 /* AnswerAction+RestKit.h */ = {isa = PBXFileReference; fileEncoding = 4; lastKnownFileType = sourcecode.c.h; name = "AnswerAction+RestKit.h"; path = "Categories/Models/AnswerAction+RestKit.h"; sourceTree = "<group>"; };
		BE98AA631849DF4100777916 /* AnswerAction+RestKit.m */ = {isa = PBXFileReference; fileEncoding = 4; lastKnownFileType = sourcecode.c.objc; name = "AnswerAction+RestKit.m"; path = "Categories/Models/AnswerAction+RestKit.m"; sourceTree = "<group>"; };
		BEA4F2251843F097001F5B15 /* victoriOS.app */ = {isa = PBXFileReference; explicitFileType = wrapper.application; includeInIndex = 0; path = victoriOS.app; sourceTree = BUILT_PRODUCTS_DIR; };
		BEA4F2281843F097001F5B15 /* Foundation.framework */ = {isa = PBXFileReference; lastKnownFileType = wrapper.framework; name = Foundation.framework; path = System/Library/Frameworks/Foundation.framework; sourceTree = SDKROOT; };
		BEA4F22A1843F097001F5B15 /* CoreGraphics.framework */ = {isa = PBXFileReference; lastKnownFileType = wrapper.framework; name = CoreGraphics.framework; path = System/Library/Frameworks/CoreGraphics.framework; sourceTree = SDKROOT; };
		BEA4F22C1843F097001F5B15 /* UIKit.framework */ = {isa = PBXFileReference; lastKnownFileType = wrapper.framework; name = UIKit.framework; path = System/Library/Frameworks/UIKit.framework; sourceTree = SDKROOT; };
		BEA4F22E1843F097001F5B15 /* CoreData.framework */ = {isa = PBXFileReference; lastKnownFileType = wrapper.framework; name = CoreData.framework; path = System/Library/Frameworks/CoreData.framework; sourceTree = SDKROOT; };
		BEA4F2321843F097001F5B15 /* victoriOS-Info.plist */ = {isa = PBXFileReference; lastKnownFileType = text.plist.xml; path = "victoriOS-Info.plist"; sourceTree = "<group>"; };
		BEA4F2341843F097001F5B15 /* en */ = {isa = PBXFileReference; lastKnownFileType = text.plist.strings; name = en; path = en.lproj/InfoPlist.strings; sourceTree = "<group>"; };
		BEA4F2361843F097001F5B15 /* main.m */ = {isa = PBXFileReference; lastKnownFileType = sourcecode.c.objc; path = main.m; sourceTree = "<group>"; };
		BEA4F2381843F097001F5B15 /* victoriOS-Prefix.pch */ = {isa = PBXFileReference; lastKnownFileType = sourcecode.c.h; path = "victoriOS-Prefix.pch"; sourceTree = "<group>"; };
		BEA4F2391843F097001F5B15 /* VAppDelegate.h */ = {isa = PBXFileReference; lastKnownFileType = sourcecode.c.h; path = VAppDelegate.h; sourceTree = "<group>"; };
		BEA4F23A1843F097001F5B15 /* VAppDelegate.m */ = {isa = PBXFileReference; lastKnownFileType = sourcecode.c.objc; path = VAppDelegate.m; sourceTree = "<group>"; };
		BEA4F23D1843F097001F5B15 /* victoriOS.xcdatamodel */ = {isa = PBXFileReference; lastKnownFileType = wrapper.xcdatamodel; path = victoriOS.xcdatamodel; sourceTree = "<group>"; };
		BEA4F23F1843F097001F5B15 /* Images.xcassets */ = {isa = PBXFileReference; lastKnownFileType = folder.assetcatalog; path = Images.xcassets; sourceTree = "<group>"; };
		BEA4F2451843F097001F5B15 /* victoriOSTests.xctest */ = {isa = PBXFileReference; explicitFileType = wrapper.cfbundle; includeInIndex = 0; path = victoriOSTests.xctest; sourceTree = BUILT_PRODUCTS_DIR; };
		BEA4F2461843F097001F5B15 /* XCTest.framework */ = {isa = PBXFileReference; lastKnownFileType = wrapper.framework; name = XCTest.framework; path = Library/Frameworks/XCTest.framework; sourceTree = DEVELOPER_DIR; };
		BEA4F24F1843F097001F5B15 /* victoriOSTests-Info.plist */ = {isa = PBXFileReference; lastKnownFileType = text.plist.xml; path = "victoriOSTests-Info.plist"; sourceTree = "<group>"; };
		BEA4F2511843F097001F5B15 /* en */ = {isa = PBXFileReference; lastKnownFileType = text.plist.strings; name = en; path = en.lproj/InfoPlist.strings; sourceTree = "<group>"; };
		BEA4F2531843F097001F5B15 /* victoriOSTests.m */ = {isa = PBXFileReference; lastKnownFileType = sourcecode.c.objc; path = victoriOSTests.m; sourceTree = "<group>"; };
/* End PBXFileReference section */

/* Begin PBXFrameworksBuildPhase section */
		BEA4F2221843F097001F5B15 /* Frameworks */ = {
			isa = PBXFrameworksBuildPhase;
			buildActionMask = 2147483647;
			files = (
				BEA4F22B1843F097001F5B15 /* CoreGraphics.framework in Frameworks */,
				BEA4F22F1843F097001F5B15 /* CoreData.framework in Frameworks */,
				BEA4F22D1843F097001F5B15 /* UIKit.framework in Frameworks */,
				BEA4F2291843F097001F5B15 /* Foundation.framework in Frameworks */,
				9CB09319D7334D91B4DED878 /* libPods.a in Frameworks */,
			);
			runOnlyForDeploymentPostprocessing = 0;
		};
		BEA4F2421843F097001F5B15 /* Frameworks */ = {
			isa = PBXFrameworksBuildPhase;
			buildActionMask = 2147483647;
			files = (
				BEA4F2471843F097001F5B15 /* XCTest.framework in Frameworks */,
				BEA4F24A1843F097001F5B15 /* CoreData.framework in Frameworks */,
				BEA4F2491843F097001F5B15 /* UIKit.framework in Frameworks */,
				BEA4F2481843F097001F5B15 /* Foundation.framework in Frameworks */,
			);
			runOnlyForDeploymentPostprocessing = 0;
		};
/* End PBXFrameworksBuildPhase section */

/* Begin PBXGroup section */
		BE4E74C21846953F00344677 /* Categories */ = {
			isa = PBXGroup;
			children = (
				BE4E74C31846954800344677 /* Models */,
			);
			name = Categories;
			sourceTree = "<group>";
		};
		BE4E74C31846954800344677 /* Models */ = {
			isa = PBXGroup;
			children = (
				BE98AA5F1849DF3400777916 /* Answer+RestKit.h */,
				BE98AA601849DF3400777916 /* Answer+RestKit.m */,
				BE98AA621849DF4100777916 /* AnswerAction+RestKit.h */,
				BE98AA631849DF4100777916 /* AnswerAction+RestKit.m */,
				BE98AA5C1849DEA500777916 /* Asset+RestKit.h */,
				BE98AA5D1849DEA500777916 /* Asset+RestKit.m */,
				BE4E754F1849471F00344677 /* Categories+RestKit.h */,
				BE4E75501849471F00344677 /* Categories+RestKit.m */,
				BE98AA561849DE5800777916 /* Comment+RestKit.h */,
				BE98AA571849DE5800777916 /* Comment+RestKit.m */,
				BE98AA531849DE4200777916 /* Interaction+RestKit.h */,
				BE98AA541849DE4200777916 /* Interaction+RestKit.m */,
				BE5AC26A184A846500121126 /* InteractionAction+RestKit.h */,
				BE5AC26B184A846500121126 /* InteractionAction+RestKit.m */,
				BE98AA591849DE9400777916 /* Node+RestKit.h */,
				BE98AA5A1849DE9400777916 /* Node+RestKit.m */,
				BE5AC270184A858000121126 /* NodeAction+RestKit.h */,
				BE5AC271184A858000121126 /* NodeAction+RestKit.m */,
				BE4E754618493C0800344677 /* NSManagedObject+EasyFetching.h */,
				BE4E754718493C0800344677 /* NSManagedObject+EasyFetching.m */,
				BE5AC26D184A84CD00121126 /* Rule+RestKit.h */,
				BE5AC26E184A84CD00121126 /* Rule+RestKit.m */,
				BE4E74C71846A11200344677 /* Sequence+RestKit.h */,
				BE4E74C81846A11200344677 /* Sequence+RestKit.m */,
				BE5AC273184A870A00121126 /* StatAnswer+RestKit.h */,
				BE5AC274184A870A00121126 /* StatAnswer+RestKit.m */,
				BE5AC276184A871600121126 /* StatInteraction+RestKit.h */,
				BE5AC277184A871600121126 /* StatInteraction+RestKit.m */,
				BE5AC279184A872100121126 /* StatSequence+RestKit.h */,
				BE5AC27A184A872100121126 /* StatSequence+RestKit.m */,
				BE4E75331846BB6500344677 /* User+RestKit.h */,
				BE4E75341846BB6500344677 /* User+RestKit.m */,
				BE98AA501849DDD300777916 /* VCategory+RestKit.h */,
				BE98AA511849DDD300777916 /* VCategory+RestKit.m */,
			);
			name = Models;
			sourceTree = "<group>";
		};
		BE4E75361846BDE100344677 /* Managers */ = {
			isa = PBXGroup;
			children = (
				BE4E753A1846BF0700344677 /* VLoginManager.h */,
				BE4E753B1846BF0700344677 /* VLoginManager.m */,
				BE4E7549184942F100344677 /* VSequenceManager.h */,
				BE4E754A184942F100344677 /* VSequenceManager.m */,
				BE4E7552184955BE00344677 /* VObjectManager.h */,
				BE4E7553184955BE00344677 /* VObjectManager.m */,
			);
			name = Managers;
			sourceTree = "<group>";
		};
		BEA4F21C1843F097001F5B15 = {
			isa = PBXGroup;
			children = (
				BEA4F2301843F097001F5B15 /* victoriOS */,
				BEA4F24D1843F097001F5B15 /* victoriOSTests */,
				BEA4F2271843F097001F5B15 /* Frameworks */,
				BEA4F2261843F097001F5B15 /* Products */,
				4F627C2BF55A46F299155184 /* Pods.xcconfig */,
			);
			sourceTree = "<group>";
		};
		BEA4F2261843F097001F5B15 /* Products */ = {
			isa = PBXGroup;
			children = (
				BEA4F2251843F097001F5B15 /* victoriOS.app */,
				BEA4F2451843F097001F5B15 /* victoriOSTests.xctest */,
			);
			name = Products;
			sourceTree = "<group>";
		};
		BEA4F2271843F097001F5B15 /* Frameworks */ = {
			isa = PBXGroup;
			children = (
				BEA4F2281843F097001F5B15 /* Foundation.framework */,
				BEA4F22A1843F097001F5B15 /* CoreGraphics.framework */,
				BEA4F22C1843F097001F5B15 /* UIKit.framework */,
				BEA4F22E1843F097001F5B15 /* CoreData.framework */,
				BEA4F2461843F097001F5B15 /* XCTest.framework */,
				B15D4A5304A04D16AD420BCD /* libPods.a */,
			);
			name = Frameworks;
			sourceTree = "<group>";
		};
		BEA4F2301843F097001F5B15 /* victoriOS */ = {
			isa = PBXGroup;
			children = (
				BE4E75361846BDE100344677 /* Managers */,
				BE4E74C21846953F00344677 /* Categories */,
				BEA4F27218440A2B001F5B15 /* Models */,
				BEA4F2391843F097001F5B15 /* VAppDelegate.h */,
				BEA4F23A1843F097001F5B15 /* VAppDelegate.m */,
				BEA4F23F1843F097001F5B15 /* Images.xcassets */,
				BEA4F23C1843F097001F5B15 /* victoriOS.xcdatamodeld */,
				BEA4F2311843F097001F5B15 /* Supporting Files */,
			);
			path = victoriOS;
			sourceTree = "<group>";
		};
		BEA4F2311843F097001F5B15 /* Supporting Files */ = {
			isa = PBXGroup;
			children = (
				BEA4F2321843F097001F5B15 /* victoriOS-Info.plist */,
				BEA4F2331843F097001F5B15 /* InfoPlist.strings */,
				BEA4F2361843F097001F5B15 /* main.m */,
				BEA4F2381843F097001F5B15 /* victoriOS-Prefix.pch */,
			);
			name = "Supporting Files";
			sourceTree = "<group>";
		};
		BEA4F24D1843F097001F5B15 /* victoriOSTests */ = {
			isa = PBXGroup;
			children = (
				BEA4F2531843F097001F5B15 /* victoriOSTests.m */,
				BEA4F24E1843F097001F5B15 /* Supporting Files */,
			);
			path = victoriOSTests;
			sourceTree = "<group>";
		};
		BEA4F24E1843F097001F5B15 /* Supporting Files */ = {
			isa = PBXGroup;
			children = (
				BEA4F24F1843F097001F5B15 /* victoriOSTests-Info.plist */,
				BEA4F2501843F097001F5B15 /* InfoPlist.strings */,
			);
			name = "Supporting Files";
			sourceTree = "<group>";
		};
		BEA4F27218440A2B001F5B15 /* Models */ = {
			isa = PBXGroup;
			children = (
				BE4E75211846B7CE00344677 /* Answer.h */,
				BE4E75221846B7CE00344677 /* Answer.m */,
				BE4E752A1846B7CE00344677 /* AnswerAction.h */,
				BE4E752B1846B7CE00344677 /* AnswerAction.m */,
				BE4E75241846B7CE00344677 /* Asset.h */,
				BE4E75251846B7CE00344677 /* Asset.m */,
				BE4E75271846B7CE00344677 /* Categories.h */,
				BE4E75281846B7CE00344677 /* Categories.m */,
				BE4E752D1846B7CF00344677 /* Comment.h */,
				BE4E752E1846B7CF00344677 /* Comment.m */,
				BE4E75181846B78000344677 /* Interaction.h */,
				BE4E75191846B78000344677 /* Interaction.m */,
				BE4E75121846B78000344677 /* InteractionAction.h */,
				BE4E75131846B78000344677 /* InteractionAction.m */,
				BE4E750F1846B78000344677 /* Node.h */,
				BE4E75101846B78000344677 /* Node.m */,
				BE4E75151846B78000344677 /* NodeAction.h */,
				BE4E75161846B78000344677 /* NodeAction.m */,
				BE4E75031846B76900344677 /* Rule.h */,
				BE4E75041846B76900344677 /* Rule.m */,
				BE4E74FA1846B76900344677 /* Sequence.h */,
				BE4E74FB1846B76900344677 /* Sequence.m */,
				BE4E75001846B76900344677 /* StatAnswer.h */,
				BE4E75011846B76900344677 /* StatAnswer.m */,
				BE4E74EB1846B76900344677 /* StatInteraction.h */,
				BE4E74EC1846B76900344677 /* StatInteraction.m */,
				BE4E74F11846B76900344677 /* StatSequence.h */,
				BE4E74F21846B76900344677 /* StatSequence.m */,
				BE4E74FD1846B76900344677 /* VCategory.h */,
				BE4E74FE1846B76900344677 /* VCategory.m */,
				BE4E75431846D92A00344677 /* User.h */,
				BE4E75441846D92A00344677 /* User.m */,
			);
			name = Models;
			sourceTree = "<group>";
		};
/* End PBXGroup section */

/* Begin PBXNativeTarget section */
		BEA4F2241843F097001F5B15 /* victoriOS */ = {
			isa = PBXNativeTarget;
			buildConfigurationList = BEA4F2571843F097001F5B15 /* Build configuration list for PBXNativeTarget "victoriOS" */;
			buildPhases = (
				BEE8FD2EAC7A4BB7BCC1C6D2 /* Check Pods Manifest.lock */,
				BEA4F2211843F097001F5B15 /* Sources */,
				BEA4F2221843F097001F5B15 /* Frameworks */,
				BEA4F2231843F097001F5B15 /* Resources */,
				83A0AA12E6C54CAF9C18C857 /* Copy Pods Resources */,
			);
			buildRules = (
			);
			dependencies = (
			);
			name = victoriOS;
			productName = victoriOS;
			productReference = BEA4F2251843F097001F5B15 /* victoriOS.app */;
			productType = "com.apple.product-type.application";
		};
		BEA4F2441843F097001F5B15 /* victoriOSTests */ = {
			isa = PBXNativeTarget;
			buildConfigurationList = BEA4F25A1843F097001F5B15 /* Build configuration list for PBXNativeTarget "victoriOSTests" */;
			buildPhases = (
				BEA4F2411843F097001F5B15 /* Sources */,
				BEA4F2421843F097001F5B15 /* Frameworks */,
				BEA4F2431843F097001F5B15 /* Resources */,
			);
			buildRules = (
			);
			dependencies = (
				BEA4F24C1843F097001F5B15 /* PBXTargetDependency */,
			);
			name = victoriOSTests;
			productName = victoriOSTests;
			productReference = BEA4F2451843F097001F5B15 /* victoriOSTests.xctest */;
			productType = "com.apple.product-type.bundle.unit-test";
		};
/* End PBXNativeTarget section */

/* Begin PBXProject section */
		BEA4F21D1843F097001F5B15 /* Project object */ = {
			isa = PBXProject;
			attributes = {
				CLASSPREFIX = V;
				LastUpgradeCheck = 0500;
				ORGANIZATIONNAME = "Will Long";
				TargetAttributes = {
					BEA4F2441843F097001F5B15 = {
						TestTargetID = BEA4F2241843F097001F5B15;
					};
				};
			};
			buildConfigurationList = BEA4F2201843F097001F5B15 /* Build configuration list for PBXProject "victoriOS" */;
			compatibilityVersion = "Xcode 3.2";
			developmentRegion = English;
			hasScannedForEncodings = 0;
			knownRegions = (
				en,
			);
			mainGroup = BEA4F21C1843F097001F5B15;
			productRefGroup = BEA4F2261843F097001F5B15 /* Products */;
			projectDirPath = "";
			projectRoot = "";
			targets = (
				BEA4F2241843F097001F5B15 /* victoriOS */,
				BEA4F2441843F097001F5B15 /* victoriOSTests */,
			);
		};
/* End PBXProject section */

/* Begin PBXResourcesBuildPhase section */
		BEA4F2231843F097001F5B15 /* Resources */ = {
			isa = PBXResourcesBuildPhase;
			buildActionMask = 2147483647;
			files = (
				BEA4F2351843F097001F5B15 /* InfoPlist.strings in Resources */,
				BEA4F2401843F097001F5B15 /* Images.xcassets in Resources */,
			);
			runOnlyForDeploymentPostprocessing = 0;
		};
		BEA4F2431843F097001F5B15 /* Resources */ = {
			isa = PBXResourcesBuildPhase;
			buildActionMask = 2147483647;
			files = (
				BEA4F2521843F097001F5B15 /* InfoPlist.strings in Resources */,
			);
			runOnlyForDeploymentPostprocessing = 0;
		};
/* End PBXResourcesBuildPhase section */

/* Begin PBXShellScriptBuildPhase section */
		83A0AA12E6C54CAF9C18C857 /* Copy Pods Resources */ = {
			isa = PBXShellScriptBuildPhase;
			buildActionMask = 2147483647;
			files = (
			);
			inputPaths = (
			);
			name = "Copy Pods Resources";
			outputPaths = (
			);
			runOnlyForDeploymentPostprocessing = 0;
			shellPath = /bin/sh;
			shellScript = "\"${SRCROOT}/Pods/Pods-resources.sh\"\n";
			showEnvVarsInLog = 0;
		};
		BEE8FD2EAC7A4BB7BCC1C6D2 /* Check Pods Manifest.lock */ = {
			isa = PBXShellScriptBuildPhase;
			buildActionMask = 2147483647;
			files = (
			);
			inputPaths = (
			);
			name = "Check Pods Manifest.lock";
			outputPaths = (
			);
			runOnlyForDeploymentPostprocessing = 0;
			shellPath = /bin/sh;
			shellScript = "diff \"${PODS_ROOT}/../Podfile.lock\" \"${PODS_ROOT}/Manifest.lock\" > /dev/null\nif [[ $? != 0 ]] ; then\n    cat << EOM\nerror: The sandbox is not in sync with the Podfile.lock. Run 'pod install' or update your CocoaPods installation.\nEOM\n    exit 1\nfi\n";
			showEnvVarsInLog = 0;
		};
/* End PBXShellScriptBuildPhase section */

/* Begin PBXSourcesBuildPhase section */
		BEA4F2211843F097001F5B15 /* Sources */ = {
			isa = PBXSourcesBuildPhase;
			buildActionMask = 2147483647;
			files = (
				BE4E751A1846B78000344677 /* Interaction.m in Sources */,
				BE4E74ED1846B76900344677 /* StatInteraction.m in Sources */,
				BE98AA5B1849DE9400777916 /* Node+RestKit.m in Sources */,
				BE4E75261846B7CE00344677 /* Asset.m in Sources */,
				BE5AC272184A858000121126 /* NodeAction+RestKit.m in Sources */,
				BE98AA5E1849DEA500777916 /* Asset+RestKit.m in Sources */,
				BE4E7554184955BE00344677 /* VObjectManager.m in Sources */,
				BE5AC278184A871600121126 /* StatInteraction+RestKit.m in Sources */,
				BE4E752C1846B7CE00344677 /* AnswerAction.m in Sources */,
				BE4E74C91846A11200344677 /* Sequence+RestKit.m in Sources */,
				BE4E752F1846B7CF00344677 /* Comment.m in Sources */,
				BE4E74FC1846B76900344677 /* Sequence.m in Sources */,
				BE4E75141846B78000344677 /* InteractionAction.m in Sources */,
				BE5AC26C184A846500121126 /* InteractionAction+RestKit.m in Sources */,
				BE98AA641849DF4100777916 /* AnswerAction+RestKit.m in Sources */,
				BE4E74FF1846B76900344677 /* VCategory.m in Sources */,
				BE98AA611849DF3400777916 /* Answer+RestKit.m in Sources */,
				BE98AA581849DE5800777916 /* Comment+RestKit.m in Sources */,
				BE4E75171846B78000344677 /* NodeAction.m in Sources */,
				BE4E753C1846BF0700344677 /* VLoginManager.m in Sources */,
				BE5AC27B184A872100121126 /* StatSequence+RestKit.m in Sources */,
				BEA4F2371843F097001F5B15 /* main.m in Sources */,
				BE4E75451846D92A00344677 /* User.m in Sources */,
				BE4E75021846B76900344677 /* StatAnswer.m in Sources */,
				BE98AA521849DDD300777916 /* VCategory+RestKit.m in Sources */,
				BE4E75351846BB6500344677 /* User+RestKit.m in Sources */,
				BE98AA551849DE4200777916 /* Interaction+RestKit.m in Sources */,
				BE4E75291846B7CE00344677 /* Categories.m in Sources */,
				BEA4F23E1843F097001F5B15 /* victoriOS.xcdatamodeld in Sources */,
				BE4E75111846B78000344677 /* Node.m in Sources */,
				BE4E754818493C0800344677 /* NSManagedObject+EasyFetching.m in Sources */,
				BE4E74F31846B76900344677 /* StatSequence.m in Sources */,
				BEA4F23B1843F097001F5B15 /* VAppDelegate.m in Sources */,
				BE4E75051846B76900344677 /* Rule.m in Sources */,
				BE4E75511849471F00344677 /* Categories+RestKit.m in Sources */,
				BE5AC26F184A84CD00121126 /* Rule+RestKit.m in Sources */,
				BE4E754B184942F100344677 /* VSequenceManager.m in Sources */,
				BE5AC275184A870A00121126 /* StatAnswer+RestKit.m in Sources */,
				BE4E75231846B7CE00344677 /* Answer.m in Sources */,
			);
			runOnlyForDeploymentPostprocessing = 0;
		};
		BEA4F2411843F097001F5B15 /* Sources */ = {
			isa = PBXSourcesBuildPhase;
			buildActionMask = 2147483647;
			files = (
				BEA4F2541843F097001F5B15 /* victoriOSTests.m in Sources */,
			);
			runOnlyForDeploymentPostprocessing = 0;
		};
/* End PBXSourcesBuildPhase section */

/* Begin PBXTargetDependency section */
		BEA4F24C1843F097001F5B15 /* PBXTargetDependency */ = {
			isa = PBXTargetDependency;
			target = BEA4F2241843F097001F5B15 /* victoriOS */;
			targetProxy = BEA4F24B1843F097001F5B15 /* PBXContainerItemProxy */;
		};
/* End PBXTargetDependency section */

/* Begin PBXVariantGroup section */
		BEA4F2331843F097001F5B15 /* InfoPlist.strings */ = {
			isa = PBXVariantGroup;
			children = (
				BEA4F2341843F097001F5B15 /* en */,
			);
			name = InfoPlist.strings;
			sourceTree = "<group>";
		};
		BEA4F2501843F097001F5B15 /* InfoPlist.strings */ = {
			isa = PBXVariantGroup;
			children = (
				BEA4F2511843F097001F5B15 /* en */,
			);
			name = InfoPlist.strings;
			sourceTree = "<group>";
		};
/* End PBXVariantGroup section */

/* Begin XCBuildConfiguration section */
		BEA4F2551843F097001F5B15 /* Debug */ = {
			isa = XCBuildConfiguration;
			buildSettings = {
				ALWAYS_SEARCH_USER_PATHS = NO;
				ARCHS = "$(ARCHS_STANDARD_INCLUDING_64_BIT)";
				CLANG_CXX_LANGUAGE_STANDARD = "gnu++0x";
				CLANG_CXX_LIBRARY = "libc++";
				CLANG_ENABLE_MODULES = YES;
				CLANG_ENABLE_OBJC_ARC = YES;
				CLANG_WARN_BOOL_CONVERSION = YES;
				CLANG_WARN_CONSTANT_CONVERSION = YES;
				CLANG_WARN_DIRECT_OBJC_ISA_USAGE = YES_ERROR;
				CLANG_WARN_EMPTY_BODY = YES;
				CLANG_WARN_ENUM_CONVERSION = YES;
				CLANG_WARN_INT_CONVERSION = YES;
				CLANG_WARN_OBJC_ROOT_CLASS = YES_ERROR;
				CLANG_WARN__DUPLICATE_METHOD_MATCH = YES;
				"CODE_SIGN_IDENTITY[sdk=iphoneos*]" = "iPhone Developer";
				COPY_PHASE_STRIP = NO;
				GCC_C_LANGUAGE_STANDARD = gnu99;
				GCC_DYNAMIC_NO_PIC = NO;
				GCC_OPTIMIZATION_LEVEL = 0;
				GCC_PREPROCESSOR_DEFINITIONS = (
					"DEBUG=1",
					"$(inherited)",
				);
				GCC_SYMBOLS_PRIVATE_EXTERN = NO;
				GCC_WARN_64_TO_32_BIT_CONVERSION = YES;
				GCC_WARN_ABOUT_RETURN_TYPE = YES_ERROR;
				GCC_WARN_UNDECLARED_SELECTOR = YES;
				GCC_WARN_UNINITIALIZED_AUTOS = YES;
				GCC_WARN_UNUSED_FUNCTION = YES;
				GCC_WARN_UNUSED_VARIABLE = YES;
				IPHONEOS_DEPLOYMENT_TARGET = 7.0;
				ONLY_ACTIVE_ARCH = YES;
				SDKROOT = iphoneos;
			};
			name = Debug;
		};
		BEA4F2561843F097001F5B15 /* Release */ = {
			isa = XCBuildConfiguration;
			buildSettings = {
				ALWAYS_SEARCH_USER_PATHS = NO;
				ARCHS = "$(ARCHS_STANDARD_INCLUDING_64_BIT)";
				CLANG_CXX_LANGUAGE_STANDARD = "gnu++0x";
				CLANG_CXX_LIBRARY = "libc++";
				CLANG_ENABLE_MODULES = YES;
				CLANG_ENABLE_OBJC_ARC = YES;
				CLANG_WARN_BOOL_CONVERSION = YES;
				CLANG_WARN_CONSTANT_CONVERSION = YES;
				CLANG_WARN_DIRECT_OBJC_ISA_USAGE = YES_ERROR;
				CLANG_WARN_EMPTY_BODY = YES;
				CLANG_WARN_ENUM_CONVERSION = YES;
				CLANG_WARN_INT_CONVERSION = YES;
				CLANG_WARN_OBJC_ROOT_CLASS = YES_ERROR;
				CLANG_WARN__DUPLICATE_METHOD_MATCH = YES;
				"CODE_SIGN_IDENTITY[sdk=iphoneos*]" = "iPhone Developer";
				COPY_PHASE_STRIP = YES;
				ENABLE_NS_ASSERTIONS = NO;
				GCC_C_LANGUAGE_STANDARD = gnu99;
				GCC_WARN_64_TO_32_BIT_CONVERSION = YES;
				GCC_WARN_ABOUT_RETURN_TYPE = YES_ERROR;
				GCC_WARN_UNDECLARED_SELECTOR = YES;
				GCC_WARN_UNINITIALIZED_AUTOS = YES;
				GCC_WARN_UNUSED_FUNCTION = YES;
				GCC_WARN_UNUSED_VARIABLE = YES;
				IPHONEOS_DEPLOYMENT_TARGET = 7.0;
				SDKROOT = iphoneos;
				VALIDATE_PRODUCT = YES;
			};
			name = Release;
		};
		BEA4F2581843F097001F5B15 /* Debug */ = {
			isa = XCBuildConfiguration;
			baseConfigurationReference = 4F627C2BF55A46F299155184 /* Pods.xcconfig */;
			buildSettings = {
				ASSETCATALOG_COMPILER_APPICON_NAME = AppIcon;
				ASSETCATALOG_COMPILER_LAUNCHIMAGE_NAME = LaunchImage;
				GCC_PRECOMPILE_PREFIX_HEADER = YES;
				GCC_PREFIX_HEADER = "victoriOS/victoriOS-Prefix.pch";
				INFOPLIST_FILE = "victoriOS/victoriOS-Info.plist";
				PRODUCT_NAME = "$(TARGET_NAME)";
				WRAPPER_EXTENSION = app;
			};
			name = Debug;
		};
		BEA4F2591843F097001F5B15 /* Release */ = {
			isa = XCBuildConfiguration;
			baseConfigurationReference = 4F627C2BF55A46F299155184 /* Pods.xcconfig */;
			buildSettings = {
				ASSETCATALOG_COMPILER_APPICON_NAME = AppIcon;
				ASSETCATALOG_COMPILER_LAUNCHIMAGE_NAME = LaunchImage;
				GCC_PRECOMPILE_PREFIX_HEADER = YES;
				GCC_PREFIX_HEADER = "victoriOS/victoriOS-Prefix.pch";
				INFOPLIST_FILE = "victoriOS/victoriOS-Info.plist";
				PRODUCT_NAME = "$(TARGET_NAME)";
				WRAPPER_EXTENSION = app;
			};
			name = Release;
		};
		BEA4F25B1843F097001F5B15 /* Debug */ = {
			isa = XCBuildConfiguration;
			buildSettings = {
				ARCHS = "$(ARCHS_STANDARD_INCLUDING_64_BIT)";
				BUNDLE_LOADER = "$(BUILT_PRODUCTS_DIR)/victoriOS.app/victoriOS";
				FRAMEWORK_SEARCH_PATHS = (
					"$(SDKROOT)/Developer/Library/Frameworks",
					"$(inherited)",
					"$(DEVELOPER_FRAMEWORKS_DIR)",
				);
				GCC_PRECOMPILE_PREFIX_HEADER = YES;
				GCC_PREFIX_HEADER = "victoriOS/victoriOS-Prefix.pch";
				GCC_PREPROCESSOR_DEFINITIONS = (
					"DEBUG=1",
					"$(inherited)",
				);
				INFOPLIST_FILE = "victoriOSTests/victoriOSTests-Info.plist";
				PRODUCT_NAME = "$(TARGET_NAME)";
				TEST_HOST = "$(BUNDLE_LOADER)";
				WRAPPER_EXTENSION = xctest;
			};
			name = Debug;
		};
		BEA4F25C1843F097001F5B15 /* Release */ = {
			isa = XCBuildConfiguration;
			buildSettings = {
				ARCHS = "$(ARCHS_STANDARD_INCLUDING_64_BIT)";
				BUNDLE_LOADER = "$(BUILT_PRODUCTS_DIR)/victoriOS.app/victoriOS";
				FRAMEWORK_SEARCH_PATHS = (
					"$(SDKROOT)/Developer/Library/Frameworks",
					"$(inherited)",
					"$(DEVELOPER_FRAMEWORKS_DIR)",
				);
				GCC_PRECOMPILE_PREFIX_HEADER = YES;
				GCC_PREFIX_HEADER = "victoriOS/victoriOS-Prefix.pch";
				INFOPLIST_FILE = "victoriOSTests/victoriOSTests-Info.plist";
				PRODUCT_NAME = "$(TARGET_NAME)";
				TEST_HOST = "$(BUNDLE_LOADER)";
				WRAPPER_EXTENSION = xctest;
			};
			name = Release;
		};
/* End XCBuildConfiguration section */

/* Begin XCConfigurationList section */
		BEA4F2201843F097001F5B15 /* Build configuration list for PBXProject "victoriOS" */ = {
			isa = XCConfigurationList;
			buildConfigurations = (
				BEA4F2551843F097001F5B15 /* Debug */,
				BEA4F2561843F097001F5B15 /* Release */,
			);
			defaultConfigurationIsVisible = 0;
			defaultConfigurationName = Release;
		};
		BEA4F2571843F097001F5B15 /* Build configuration list for PBXNativeTarget "victoriOS" */ = {
			isa = XCConfigurationList;
			buildConfigurations = (
				BEA4F2581843F097001F5B15 /* Debug */,
				BEA4F2591843F097001F5B15 /* Release */,
			);
			defaultConfigurationIsVisible = 0;
			defaultConfigurationName = Release;
		};
		BEA4F25A1843F097001F5B15 /* Build configuration list for PBXNativeTarget "victoriOSTests" */ = {
			isa = XCConfigurationList;
			buildConfigurations = (
				BEA4F25B1843F097001F5B15 /* Debug */,
				BEA4F25C1843F097001F5B15 /* Release */,
			);
			defaultConfigurationIsVisible = 0;
			defaultConfigurationName = Release;
		};
/* End XCConfigurationList section */

/* Begin XCVersionGroup section */
		BEA4F23C1843F097001F5B15 /* victoriOS.xcdatamodeld */ = {
			isa = XCVersionGroup;
			children = (
				BEA4F23D1843F097001F5B15 /* victoriOS.xcdatamodel */,
			);
			currentVersion = BEA4F23D1843F097001F5B15 /* victoriOS.xcdatamodel */;
			path = victoriOS.xcdatamodeld;
			sourceTree = "<group>";
			versionGroupType = wrapper.xcdatamodel;
		};
/* End XCVersionGroup section */
	};
	rootObject = BEA4F21D1843F097001F5B15 /* Project object */;
}
