// !$*UTF8*$!
{
	archiveVersion = 1;
	classes = {
	};
	objectVersion = 46;
	objects = {

/* Begin PBXBuildFile section */
		3F497884185AAF0100DF80CF /* VOwnerViewController.m in Sources */ = {isa = PBXBuildFile; fileRef = 3F497883185AAF0100DF80CF /* VOwnerViewController.m */; };
		3F543C4118512C6700A1F2FC /* VSignUpViewController.m in Sources */ = {isa = PBXBuildFile; fileRef = 3F543C4018512C6700A1F2FC /* VSignUpViewController.m */; };
		3F90DD6718569ACA00C8F312 /* VRootViewController.m in Sources */ = {isa = PBXBuildFile; fileRef = 3F90DD6618569ACA00C8F312 /* VRootViewController.m */; };
		3F90DD6A18569B9300C8F312 /* VNavigationController.m in Sources */ = {isa = PBXBuildFile; fileRef = 3F90DD6918569B9300C8F312 /* VNavigationController.m */; };
		3F90DD6D18569EB400C8F312 /* VMenuController.m in Sources */ = {isa = PBXBuildFile; fileRef = 3F90DD6C18569EB400C8F312 /* VMenuController.m */; };
		3F90DD731856A37000C8F312 /* avatar.jpg in Resources */ = {isa = PBXBuildFile; fileRef = 3F90DD721856A37000C8F312 /* avatar.jpg */; };
		3F90DD761856A44F00C8F312 /* VForumsViewController.m in Sources */ = {isa = PBXBuildFile; fileRef = 3F90DD751856A44F00C8F312 /* VForumsViewController.m */; };
		3F90DD811856A59B00C8F312 /* VInboxViewController.m in Sources */ = {isa = PBXBuildFile; fileRef = 3F90DD801856A59B00C8F312 /* VInboxViewController.m */; };
		3F90DD841856A66F00C8F312 /* VProfileViewController.m in Sources */ = {isa = PBXBuildFile; fileRef = 3F90DD831856A66F00C8F312 /* VProfileViewController.m */; };
		3F90DE4A1857D9F100C8F312 /* VMessageViewController.m in Sources */ = {isa = PBXBuildFile; fileRef = 3F90DE491857D9F100C8F312 /* VMessageViewController.m */; };
		3F90DE4D1857DA0200C8F312 /* VComposeMessageViewController.m in Sources */ = {isa = PBXBuildFile; fileRef = 3F90DE4C1857DA0200C8F312 /* VComposeMessageViewController.m */; };
		3F9100FC185A7C540005317C /* VFeaturedPageControllerViewController.m in Sources */ = {isa = PBXBuildFile; fileRef = 3F9100FB185A7C540005317C /* VFeaturedPageControllerViewController.m */; };
		3F9100FF185A8E5A0005317C /* VStickerViewController.m in Sources */ = {isa = PBXBuildFile; fileRef = 3F9100FE185A8E5A0005317C /* VStickerViewController.m */; };
		3F910102185A97490005317C /* VStreamsSubViewController.m in Sources */ = {isa = PBXBuildFile; fileRef = 3F910101185A97490005317C /* VStreamsSubViewController.m */; };
		3FAFD1B3185FD2D600AAF106 /* VThemeManager.m in Sources */ = {isa = PBXBuildFile; fileRef = 3FAFD1B2185FD2D600AAF106 /* VThemeManager.m */; };
		3FAFD1B7185FD6AE00AAF106 /* defaultTheme.plist in Resources */ = {isa = PBXBuildFile; fileRef = 3FAFD1B6185FD6AE00AAF106 /* defaultTheme.plist */; };
		3FAFD1BA1861083D00AAF106 /* VProfileEditCell.m in Sources */ = {isa = PBXBuildFile; fileRef = 3FAFD1B91861083D00AAF106 /* VProfileEditCell.m */; };
		5F3B4950184E6B8D0062DB55 /* VLoginViewController.m in Sources */ = {isa = PBXBuildFile; fileRef = 5F3B494F184E6B8D0062DB55 /* VLoginViewController.m */; };
		5F8AAA5E184D43C600301783 /* Main.storyboard in Resources */ = {isa = PBXBuildFile; fileRef = 5F8AAA5D184D43C600301783 /* Main.storyboard */; };
		5F8AAAA5184D467300301783 /* VStreamsTableViewController.m in Sources */ = {isa = PBXBuildFile; fileRef = 5F8AAAA4184D467300301783 /* VStreamsTableViewController.m */; };
		83088F8718601B3200B0808A /* VStreamViewCell.m in Sources */ = {isa = PBXBuildFile; fileRef = 83088F8618601B3200B0808A /* VStreamViewCell.m */; };
		83088F8A18602AFD00B0808A /* VCommentViewCell.m in Sources */ = {isa = PBXBuildFile; fileRef = 83088F8918602AFD00B0808A /* VCommentViewCell.m */; };
		830B230B185B9B3200AF6D9E /* VSequence.m in Sources */ = {isa = PBXBuildFile; fileRef = 830B230A185B9B3200AF6D9E /* VSequence.m */; };
		833C05CB185B9A9D00F46123 /* VInteractionAction.m in Sources */ = {isa = PBXBuildFile; fileRef = 833C05CA185B9A9D00F46123 /* VInteractionAction.m */; };
		833C05D1185B9A9E00F46123 /* VStatSequence.m in Sources */ = {isa = PBXBuildFile; fileRef = 833C05D0185B9A9E00F46123 /* VStatSequence.m */; };
		833C05D4185B9A9E00F46123 /* VAsset.m in Sources */ = {isa = PBXBuildFile; fileRef = 833C05D3185B9A9E00F46123 /* VAsset.m */; };
		833C05D7185B9A9E00F46123 /* VComment.m in Sources */ = {isa = PBXBuildFile; fileRef = 833C05D6185B9A9E00F46123 /* VComment.m */; };
		833C05DA185B9A9E00F46123 /* VCategory.m in Sources */ = {isa = PBXBuildFile; fileRef = 833C05D9185B9A9E00F46123 /* VCategory.m */; };
		833C05DD185B9A9E00F46123 /* VAnswer.m in Sources */ = {isa = PBXBuildFile; fileRef = 833C05DC185B9A9E00F46123 /* VAnswer.m */; };
		833C05E0185B9A9E00F46123 /* VAnswerAction.m in Sources */ = {isa = PBXBuildFile; fileRef = 833C05DF185B9A9E00F46123 /* VAnswerAction.m */; };
		833C05E3185B9A9E00F46123 /* VInteraction.m in Sources */ = {isa = PBXBuildFile; fileRef = 833C05E2185B9A9E00F46123 /* VInteraction.m */; };
		833C05E6185B9A9E00F46123 /* VStatAnswer.m in Sources */ = {isa = PBXBuildFile; fileRef = 833C05E5185B9A9E00F46123 /* VStatAnswer.m */; };
		833C05E9185B9A9F00F46123 /* VUser.m in Sources */ = {isa = PBXBuildFile; fileRef = 833C05E8185B9A9F00F46123 /* VUser.m */; };
		833C05EC185B9A9F00F46123 /* VNodeAction.m in Sources */ = {isa = PBXBuildFile; fileRef = 833C05EB185B9A9F00F46123 /* VNodeAction.m */; };
		833C05EF185B9A9F00F46123 /* VRule.m in Sources */ = {isa = PBXBuildFile; fileRef = 833C05EE185B9A9F00F46123 /* VRule.m */; };
		833C05F2185B9A9F00F46123 /* VNode.m in Sources */ = {isa = PBXBuildFile; fileRef = 833C05F1185B9A9F00F46123 /* VNode.m */; };
		833C05F5185B9A9F00F46123 /* VStatInteraction.m in Sources */ = {isa = PBXBuildFile; fileRef = 833C05F4185B9A9F00F46123 /* VStatInteraction.m */; };
		838A60761861864600C47D2E /* VFeaturedViewController.m in Sources */ = {isa = PBXBuildFile; fileRef = 838A60751861864600C47D2E /* VFeaturedViewController.m */; };
		838F41EA1857F26900882F1D /* VObjectManager+Login.m in Sources */ = {isa = PBXBuildFile; fileRef = 838F41E91857F26900882F1D /* VObjectManager+Login.m */; };
		83A41918185803A400CBC150 /* VObjectManager+Sequence.m in Sources */ = {isa = PBXBuildFile; fileRef = 83A41917185803A400CBC150 /* VObjectManager+Sequence.m */; };
		BE2BA7CF1852593700CA71AC /* libPods.a in Frameworks */ = {isa = PBXBuildFile; fileRef = BE2BA7CE1852593700CA71AC /* libPods.a */; };
		BE4E7554184955BE00344677 /* VObjectManager.m in Sources */ = {isa = PBXBuildFile; fileRef = BE4E7553184955BE00344677 /* VObjectManager.m */; };
		BE5AC2BB184D298900121126 /* NSManagedObject+EasyFetching.m in Sources */ = {isa = PBXBuildFile; fileRef = BE5AC2AB184D298900121126 /* NSManagedObject+EasyFetching.m */; };
		BE5AC2C5184E733800121126 /* NSString+VParseHelp.m in Sources */ = {isa = PBXBuildFile; fileRef = BE5AC2C4184E733800121126 /* NSString+VParseHelp.m */; };
		BE7A39BA185A52D70009000C /* VErrorMessage.m in Sources */ = {isa = PBXBuildFile; fileRef = BE7A39B9185A52D70009000C /* VErrorMessage.m */; };
		BE7A39C6185A9D260009000C /* VPaginationStatus.m in Sources */ = {isa = PBXBuildFile; fileRef = BE7A39C5185A9D260009000C /* VPaginationStatus.m */; };
		BEA4F2291843F097001F5B15 /* Foundation.framework in Frameworks */ = {isa = PBXBuildFile; fileRef = BEA4F2281843F097001F5B15 /* Foundation.framework */; };
		BEA4F22B1843F097001F5B15 /* CoreGraphics.framework in Frameworks */ = {isa = PBXBuildFile; fileRef = BEA4F22A1843F097001F5B15 /* CoreGraphics.framework */; };
		BEA4F22D1843F097001F5B15 /* UIKit.framework in Frameworks */ = {isa = PBXBuildFile; fileRef = BEA4F22C1843F097001F5B15 /* UIKit.framework */; };
		BEA4F22F1843F097001F5B15 /* CoreData.framework in Frameworks */ = {isa = PBXBuildFile; fileRef = BEA4F22E1843F097001F5B15 /* CoreData.framework */; };
		BEA4F2351843F097001F5B15 /* InfoPlist.strings in Resources */ = {isa = PBXBuildFile; fileRef = BEA4F2331843F097001F5B15 /* InfoPlist.strings */; };
		BEA4F2371843F097001F5B15 /* main.m in Sources */ = {isa = PBXBuildFile; fileRef = BEA4F2361843F097001F5B15 /* main.m */; };
		BEA4F23B1843F097001F5B15 /* VAppDelegate.m in Sources */ = {isa = PBXBuildFile; fileRef = BEA4F23A1843F097001F5B15 /* VAppDelegate.m */; };
		BEA4F23E1843F097001F5B15 /* victoriOS.xcdatamodeld in Sources */ = {isa = PBXBuildFile; fileRef = BEA4F23C1843F097001F5B15 /* victoriOS.xcdatamodeld */; };
		BEA4F2401843F097001F5B15 /* Images.xcassets in Resources */ = {isa = PBXBuildFile; fileRef = BEA4F23F1843F097001F5B15 /* Images.xcassets */; };
		BEA4F2471843F097001F5B15 /* XCTest.framework in Frameworks */ = {isa = PBXBuildFile; fileRef = BEA4F2461843F097001F5B15 /* XCTest.framework */; };
		BEA4F2481843F097001F5B15 /* Foundation.framework in Frameworks */ = {isa = PBXBuildFile; fileRef = BEA4F2281843F097001F5B15 /* Foundation.framework */; };
		BEA4F2491843F097001F5B15 /* UIKit.framework in Frameworks */ = {isa = PBXBuildFile; fileRef = BEA4F22C1843F097001F5B15 /* UIKit.framework */; };
		BEA4F24A1843F097001F5B15 /* CoreData.framework in Frameworks */ = {isa = PBXBuildFile; fileRef = BEA4F22E1843F097001F5B15 /* CoreData.framework */; };
		BEA4F2521843F097001F5B15 /* InfoPlist.strings in Resources */ = {isa = PBXBuildFile; fileRef = BEA4F2501843F097001F5B15 /* InfoPlist.strings */; };
		BEBDC4C41857B2E30013DEF1 /* VAnswer+RestKit.m in Sources */ = {isa = PBXBuildFile; fileRef = BEBDC4A71857B2E30013DEF1 /* VAnswer+RestKit.m */; };
		BEBDC4C51857B2E30013DEF1 /* VAnswerAction+RestKit.m in Sources */ = {isa = PBXBuildFile; fileRef = BEBDC4A91857B2E30013DEF1 /* VAnswerAction+RestKit.m */; };
		BEBDC4C61857B2E30013DEF1 /* VAsset+RestKit.m in Sources */ = {isa = PBXBuildFile; fileRef = BEBDC4AB1857B2E30013DEF1 /* VAsset+RestKit.m */; };
		BEBDC4C71857B2E30013DEF1 /* VCategory+RestKit.m in Sources */ = {isa = PBXBuildFile; fileRef = BEBDC4AD1857B2E30013DEF1 /* VCategory+RestKit.m */; };
		BEBDC4C81857B2E30013DEF1 /* VComment+RestKit.m in Sources */ = {isa = PBXBuildFile; fileRef = BEBDC4AF1857B2E30013DEF1 /* VComment+RestKit.m */; };
		BEBDC4C91857B2E30013DEF1 /* VInteraction+RestKit.m in Sources */ = {isa = PBXBuildFile; fileRef = BEBDC4B11857B2E30013DEF1 /* VInteraction+RestKit.m */; };
		BEBDC4CA1857B2E30013DEF1 /* VInteractionAction+RestKit.m in Sources */ = {isa = PBXBuildFile; fileRef = BEBDC4B31857B2E30013DEF1 /* VInteractionAction+RestKit.m */; };
		BEBDC4CB1857B2E30013DEF1 /* VNode+RestKit.m in Sources */ = {isa = PBXBuildFile; fileRef = BEBDC4B51857B2E30013DEF1 /* VNode+RestKit.m */; };
		BEBDC4CC1857B2E30013DEF1 /* VNodeAction+RestKit.m in Sources */ = {isa = PBXBuildFile; fileRef = BEBDC4B71857B2E30013DEF1 /* VNodeAction+RestKit.m */; };
		BEBDC4CD1857B2E30013DEF1 /* VRule+RestKit.m in Sources */ = {isa = PBXBuildFile; fileRef = BEBDC4B91857B2E30013DEF1 /* VRule+RestKit.m */; };
		BEBDC4CE1857B2E30013DEF1 /* VSequence+RestKit.m in Sources */ = {isa = PBXBuildFile; fileRef = BEBDC4BB1857B2E30013DEF1 /* VSequence+RestKit.m */; };
		BEBDC4CF1857B2E30013DEF1 /* VStatAnswer+RestKit.m in Sources */ = {isa = PBXBuildFile; fileRef = BEBDC4BD1857B2E30013DEF1 /* VStatAnswer+RestKit.m */; };
		BEBDC4D01857B2E30013DEF1 /* VStatInteraction+RestKit.m in Sources */ = {isa = PBXBuildFile; fileRef = BEBDC4BF1857B2E30013DEF1 /* VStatInteraction+RestKit.m */; };
		BEBDC4D11857B2E30013DEF1 /* VStatSequence+RestKit.m in Sources */ = {isa = PBXBuildFile; fileRef = BEBDC4C11857B2E30013DEF1 /* VStatSequence+RestKit.m */; };
		BEBDC4D21857B2E30013DEF1 /* VUser+RestKit.m in Sources */ = {isa = PBXBuildFile; fileRef = BEBDC4C31857B2E30013DEF1 /* VUser+RestKit.m */; };
		BEBDC4DC1857B80D0013DEF1 /* VLoginManagerTests.m in Sources */ = {isa = PBXBuildFile; fileRef = BEBDC4D91857B80D0013DEF1 /* VLoginManagerTests.m */; };
		BEBDC4DD1857B80D0013DEF1 /* VSequenceManagerTests.m in Sources */ = {isa = PBXBuildFile; fileRef = BEBDC4DA1857B80D0013DEF1 /* VSequenceManagerTests.m */; };
		BED55905185157DE007FD3E6 /* libPods.a in Frameworks */ = {isa = PBXBuildFile; fileRef = BED55904185157DE007FD3E6 /* libPods.a */; };
		BEE7F93C18625FB000F2031A /* MediaPlayer.framework in Frameworks */ = {isa = PBXBuildFile; fileRef = BEE7F93B18625FB000F2031A /* MediaPlayer.framework */; };
		BEE7F9421862822500F2031A /* VSequencePlayerViewController.m in Sources */ = {isa = PBXBuildFile; fileRef = BEE7F9411862822500F2031A /* VSequencePlayerViewController.m */; };
		BEE7F949186298BD00F2031A /* VNode+Fetcher.m in Sources */ = {isa = PBXBuildFile; fileRef = BEE7F948186298BD00F2031A /* VNode+Fetcher.m */; };
		BEE7F94C1862B05A00F2031A /* VAsset+Fetcher.m in Sources */ = {isa = PBXBuildFile; fileRef = BEE7F94B1862B05A00F2031A /* VAsset+Fetcher.m */; };
		BEE7F94F1862B07500F2031A /* VInteraction+Fetcher.m in Sources */ = {isa = PBXBuildFile; fileRef = BEE7F94E1862B07500F2031A /* VInteraction+Fetcher.m */; };
		BEE7F9531862D72200F2031A /* VSequencePlayerViewController.xib in Resources */ = {isa = PBXBuildFile; fileRef = BEE7F9521862D72200F2031A /* VSequencePlayerViewController.xib */; };
		BEE7F9581863A6ED00F2031A /* VStreamVideoCell.m in Sources */ = {isa = PBXBuildFile; fileRef = BEE7F9571863A6ED00F2031A /* VStreamVideoCell.m */; };
		BEE7F95E1863A73800F2031A /* VStreamPollCell.m in Sources */ = {isa = PBXBuildFile; fileRef = BEE7F95D1863A73800F2031A /* VStreamPollCell.m */; };
		BEE7F9601863B33C00F2031A /* VStreamViewCell.xib in Resources */ = {isa = PBXBuildFile; fileRef = BEE7F95F1863B33C00F2031A /* VStreamViewCell.xib */; };
		BEE7F9621863BC1E00F2031A /* VStreamVideoCell.xib in Resources */ = {isa = PBXBuildFile; fileRef = BEE7F9611863BC1E00F2031A /* VStreamVideoCell.xib */; };
		BEE7F9661863BC3F00F2031A /* VStreamPollCell.xib in Resources */ = {isa = PBXBuildFile; fileRef = BEE7F9651863BC3F00F2031A /* VStreamPollCell.xib */; };
		BEF07B4E185BBF86005F177F /* VObjectManager+Comment.m in Sources */ = {isa = PBXBuildFile; fileRef = BEF07B4D185BBF86005F177F /* VObjectManager+Comment.m */; };
/* End PBXBuildFile section */

/* Begin PBXContainerItemProxy section */
		BEA4F24B1843F097001F5B15 /* PBXContainerItemProxy */ = {
			isa = PBXContainerItemProxy;
			containerPortal = BEA4F21D1843F097001F5B15 /* Project object */;
			proxyType = 1;
			remoteGlobalIDString = BEA4F2241843F097001F5B15;
			remoteInfo = victoriOS;
		};
/* End PBXContainerItemProxy section */

/* Begin PBXFileReference section */
		3F497882185AAF0100DF80CF /* VOwnerViewController.h */ = {isa = PBXFileReference; fileEncoding = 4; lastKnownFileType = sourcecode.c.h; name = VOwnerViewController.h; path = UI/VOwnerViewController.h; sourceTree = "<group>"; };
		3F497883185AAF0100DF80CF /* VOwnerViewController.m */ = {isa = PBXFileReference; fileEncoding = 4; lastKnownFileType = sourcecode.c.objc; name = VOwnerViewController.m; path = UI/VOwnerViewController.m; sourceTree = "<group>"; };
		3F543C3F18512C6700A1F2FC /* VSignUpViewController.h */ = {isa = PBXFileReference; fileEncoding = 4; lastKnownFileType = sourcecode.c.h; name = VSignUpViewController.h; path = UI/VSignUpViewController.h; sourceTree = "<group>"; };
		3F543C4018512C6700A1F2FC /* VSignUpViewController.m */ = {isa = PBXFileReference; fileEncoding = 4; lastKnownFileType = sourcecode.c.objc; name = VSignUpViewController.m; path = UI/VSignUpViewController.m; sourceTree = "<group>"; };
		3F90DD6518569ACA00C8F312 /* VRootViewController.h */ = {isa = PBXFileReference; fileEncoding = 4; lastKnownFileType = sourcecode.c.h; name = VRootViewController.h; path = UI/VRootViewController.h; sourceTree = "<group>"; };
		3F90DD6618569ACA00C8F312 /* VRootViewController.m */ = {isa = PBXFileReference; fileEncoding = 4; lastKnownFileType = sourcecode.c.objc; name = VRootViewController.m; path = UI/VRootViewController.m; sourceTree = "<group>"; };
		3F90DD6818569B9300C8F312 /* VNavigationController.h */ = {isa = PBXFileReference; fileEncoding = 4; lastKnownFileType = sourcecode.c.h; name = VNavigationController.h; path = UI/VNavigationController.h; sourceTree = "<group>"; };
		3F90DD6918569B9300C8F312 /* VNavigationController.m */ = {isa = PBXFileReference; fileEncoding = 4; lastKnownFileType = sourcecode.c.objc; name = VNavigationController.m; path = UI/VNavigationController.m; sourceTree = "<group>"; };
		3F90DD6B18569EB400C8F312 /* VMenuController.h */ = {isa = PBXFileReference; fileEncoding = 4; lastKnownFileType = sourcecode.c.h; name = VMenuController.h; path = UI/VMenuController.h; sourceTree = "<group>"; };
		3F90DD6C18569EB400C8F312 /* VMenuController.m */ = {isa = PBXFileReference; fileEncoding = 4; lastKnownFileType = sourcecode.c.objc; name = VMenuController.m; path = UI/VMenuController.m; sourceTree = "<group>"; };
		3F90DD721856A37000C8F312 /* avatar.jpg */ = {isa = PBXFileReference; lastKnownFileType = image.jpeg; path = avatar.jpg; sourceTree = "<group>"; };
		3F90DD741856A44F00C8F312 /* VForumsViewController.h */ = {isa = PBXFileReference; fileEncoding = 4; lastKnownFileType = sourcecode.c.h; name = VForumsViewController.h; path = UI/VForumsViewController.h; sourceTree = "<group>"; };
		3F90DD751856A44F00C8F312 /* VForumsViewController.m */ = {isa = PBXFileReference; fileEncoding = 4; lastKnownFileType = sourcecode.c.objc; name = VForumsViewController.m; path = UI/VForumsViewController.m; sourceTree = "<group>"; };
		3F90DD7F1856A59B00C8F312 /* VInboxViewController.h */ = {isa = PBXFileReference; fileEncoding = 4; lastKnownFileType = sourcecode.c.h; name = VInboxViewController.h; path = UI/VInboxViewController.h; sourceTree = "<group>"; };
		3F90DD801856A59B00C8F312 /* VInboxViewController.m */ = {isa = PBXFileReference; fileEncoding = 4; lastKnownFileType = sourcecode.c.objc; name = VInboxViewController.m; path = UI/VInboxViewController.m; sourceTree = "<group>"; };
		3F90DD821856A66F00C8F312 /* VProfileViewController.h */ = {isa = PBXFileReference; fileEncoding = 4; lastKnownFileType = sourcecode.c.h; name = VProfileViewController.h; path = UI/VProfileViewController.h; sourceTree = "<group>"; };
		3F90DD831856A66F00C8F312 /* VProfileViewController.m */ = {isa = PBXFileReference; fileEncoding = 4; lastKnownFileType = sourcecode.c.objc; name = VProfileViewController.m; path = UI/VProfileViewController.m; sourceTree = "<group>"; };
		3F90DE481857D9F100C8F312 /* VMessageViewController.h */ = {isa = PBXFileReference; fileEncoding = 4; lastKnownFileType = sourcecode.c.h; name = VMessageViewController.h; path = UI/VMessageViewController.h; sourceTree = "<group>"; };
		3F90DE491857D9F100C8F312 /* VMessageViewController.m */ = {isa = PBXFileReference; fileEncoding = 4; lastKnownFileType = sourcecode.c.objc; name = VMessageViewController.m; path = UI/VMessageViewController.m; sourceTree = "<group>"; };
		3F90DE4B1857DA0200C8F312 /* VComposeMessageViewController.h */ = {isa = PBXFileReference; fileEncoding = 4; lastKnownFileType = sourcecode.c.h; name = VComposeMessageViewController.h; path = UI/VComposeMessageViewController.h; sourceTree = "<group>"; };
		3F90DE4C1857DA0200C8F312 /* VComposeMessageViewController.m */ = {isa = PBXFileReference; fileEncoding = 4; lastKnownFileType = sourcecode.c.objc; name = VComposeMessageViewController.m; path = UI/VComposeMessageViewController.m; sourceTree = "<group>"; };
		3F9100FA185A7C540005317C /* VFeaturedPageControllerViewController.h */ = {isa = PBXFileReference; fileEncoding = 4; lastKnownFileType = sourcecode.c.h; name = VFeaturedPageControllerViewController.h; path = UI/VFeaturedPageControllerViewController.h; sourceTree = "<group>"; };
		3F9100FB185A7C540005317C /* VFeaturedPageControllerViewController.m */ = {isa = PBXFileReference; fileEncoding = 4; lastKnownFileType = sourcecode.c.objc; name = VFeaturedPageControllerViewController.m; path = UI/VFeaturedPageControllerViewController.m; sourceTree = "<group>"; };
		3F9100FD185A8E5A0005317C /* VStickerViewController.h */ = {isa = PBXFileReference; fileEncoding = 4; lastKnownFileType = sourcecode.c.h; name = VStickerViewController.h; path = UI/VStickerViewController.h; sourceTree = "<group>"; };
		3F9100FE185A8E5A0005317C /* VStickerViewController.m */ = {isa = PBXFileReference; fileEncoding = 4; lastKnownFileType = sourcecode.c.objc; name = VStickerViewController.m; path = UI/VStickerViewController.m; sourceTree = "<group>"; };
		3F910100185A97490005317C /* VStreamsSubViewController.h */ = {isa = PBXFileReference; fileEncoding = 4; lastKnownFileType = sourcecode.c.h; name = VStreamsSubViewController.h; path = UI/VStreamsSubViewController.h; sourceTree = "<group>"; };
		3F910101185A97490005317C /* VStreamsSubViewController.m */ = {isa = PBXFileReference; fileEncoding = 4; lastKnownFileType = sourcecode.c.objc; name = VStreamsSubViewController.m; path = UI/VStreamsSubViewController.m; sourceTree = "<group>"; };
		3FAFD1B1185FD2D600AAF106 /* VThemeManager.h */ = {isa = PBXFileReference; fileEncoding = 4; lastKnownFileType = sourcecode.c.h; name = VThemeManager.h; path = Managers/VThemeManager.h; sourceTree = "<group>"; };
		3FAFD1B2185FD2D600AAF106 /* VThemeManager.m */ = {isa = PBXFileReference; fileEncoding = 4; lastKnownFileType = sourcecode.c.objc; name = VThemeManager.m; path = Managers/VThemeManager.m; sourceTree = "<group>"; };
		3FAFD1B6185FD6AE00AAF106 /* defaultTheme.plist */ = {isa = PBXFileReference; fileEncoding = 4; lastKnownFileType = text.plist.xml; path = defaultTheme.plist; sourceTree = "<group>"; };
		3FAFD1B81861083D00AAF106 /* VProfileEditCell.h */ = {isa = PBXFileReference; fileEncoding = 4; lastKnownFileType = sourcecode.c.h; name = VProfileEditCell.h; path = UI/VProfileEditCell.h; sourceTree = "<group>"; };
		3FAFD1B91861083D00AAF106 /* VProfileEditCell.m */ = {isa = PBXFileReference; fileEncoding = 4; lastKnownFileType = sourcecode.c.objc; name = VProfileEditCell.m; path = UI/VProfileEditCell.m; sourceTree = "<group>"; };
		4F627C2BF55A46F299155184 /* Pods.xcconfig */ = {isa = PBXFileReference; includeInIndex = 1; lastKnownFileType = text.xcconfig; name = Pods.xcconfig; path = Pods/Pods.xcconfig; sourceTree = "<group>"; };
		5F3B494E184E6B8D0062DB55 /* VLoginViewController.h */ = {isa = PBXFileReference; fileEncoding = 4; lastKnownFileType = sourcecode.c.h; name = VLoginViewController.h; path = UI/VLoginViewController.h; sourceTree = "<group>"; };
		5F3B494F184E6B8D0062DB55 /* VLoginViewController.m */ = {isa = PBXFileReference; fileEncoding = 4; lastKnownFileType = sourcecode.c.objc; name = VLoginViewController.m; path = UI/VLoginViewController.m; sourceTree = "<group>"; };
		5F8AAA5D184D43C600301783 /* Main.storyboard */ = {isa = PBXFileReference; fileEncoding = 4; lastKnownFileType = file.storyboard; path = Main.storyboard; sourceTree = "<group>"; };
		5F8AAAA3184D467300301783 /* VStreamsTableViewController.h */ = {isa = PBXFileReference; fileEncoding = 4; lastKnownFileType = sourcecode.c.h; path = VStreamsTableViewController.h; sourceTree = "<group>"; };
		5F8AAAA4184D467300301783 /* VStreamsTableViewController.m */ = {isa = PBXFileReference; fileEncoding = 4; lastKnownFileType = sourcecode.c.objc; path = VStreamsTableViewController.m; sourceTree = "<group>"; };
		83088F8518601B3200B0808A /* VStreamViewCell.h */ = {isa = PBXFileReference; fileEncoding = 4; lastKnownFileType = sourcecode.c.h; path = VStreamViewCell.h; sourceTree = "<group>"; };
		83088F8618601B3200B0808A /* VStreamViewCell.m */ = {isa = PBXFileReference; fileEncoding = 4; lastKnownFileType = sourcecode.c.objc; path = VStreamViewCell.m; sourceTree = "<group>"; };
		83088F8818602AFD00B0808A /* VCommentViewCell.h */ = {isa = PBXFileReference; fileEncoding = 4; lastKnownFileType = sourcecode.c.h; path = VCommentViewCell.h; sourceTree = "<group>"; };
		83088F8918602AFD00B0808A /* VCommentViewCell.m */ = {isa = PBXFileReference; fileEncoding = 4; lastKnownFileType = sourcecode.c.objc; path = VCommentViewCell.m; sourceTree = "<group>"; };
		830B2309185B9B3200AF6D9E /* VSequence.h */ = {isa = PBXFileReference; fileEncoding = 4; lastKnownFileType = sourcecode.c.h; path = VSequence.h; sourceTree = "<group>"; };
		830B230A185B9B3200AF6D9E /* VSequence.m */ = {isa = PBXFileReference; fileEncoding = 4; lastKnownFileType = sourcecode.c.objc; path = VSequence.m; sourceTree = "<group>"; };
		833C05C9185B9A9D00F46123 /* VInteractionAction.h */ = {isa = PBXFileReference; fileEncoding = 4; lastKnownFileType = sourcecode.c.h; path = VInteractionAction.h; sourceTree = "<group>"; };
		833C05CA185B9A9D00F46123 /* VInteractionAction.m */ = {isa = PBXFileReference; fileEncoding = 4; lastKnownFileType = sourcecode.c.objc; path = VInteractionAction.m; sourceTree = "<group>"; };
		833C05CF185B9A9E00F46123 /* VStatSequence.h */ = {isa = PBXFileReference; fileEncoding = 4; lastKnownFileType = sourcecode.c.h; path = VStatSequence.h; sourceTree = "<group>"; };
		833C05D0185B9A9E00F46123 /* VStatSequence.m */ = {isa = PBXFileReference; fileEncoding = 4; lastKnownFileType = sourcecode.c.objc; path = VStatSequence.m; sourceTree = "<group>"; };
		833C05D2185B9A9E00F46123 /* VAsset.h */ = {isa = PBXFileReference; fileEncoding = 4; lastKnownFileType = sourcecode.c.h; path = VAsset.h; sourceTree = "<group>"; };
		833C05D3185B9A9E00F46123 /* VAsset.m */ = {isa = PBXFileReference; fileEncoding = 4; lastKnownFileType = sourcecode.c.objc; path = VAsset.m; sourceTree = "<group>"; };
		833C05D5185B9A9E00F46123 /* VComment.h */ = {isa = PBXFileReference; fileEncoding = 4; lastKnownFileType = sourcecode.c.h; path = VComment.h; sourceTree = "<group>"; };
		833C05D6185B9A9E00F46123 /* VComment.m */ = {isa = PBXFileReference; fileEncoding = 4; lastKnownFileType = sourcecode.c.objc; path = VComment.m; sourceTree = "<group>"; };
		833C05D8185B9A9E00F46123 /* VCategory.h */ = {isa = PBXFileReference; fileEncoding = 4; lastKnownFileType = sourcecode.c.h; path = VCategory.h; sourceTree = "<group>"; };
		833C05D9185B9A9E00F46123 /* VCategory.m */ = {isa = PBXFileReference; fileEncoding = 4; lastKnownFileType = sourcecode.c.objc; path = VCategory.m; sourceTree = "<group>"; };
		833C05DB185B9A9E00F46123 /* VAnswer.h */ = {isa = PBXFileReference; fileEncoding = 4; lastKnownFileType = sourcecode.c.h; path = VAnswer.h; sourceTree = "<group>"; };
		833C05DC185B9A9E00F46123 /* VAnswer.m */ = {isa = PBXFileReference; fileEncoding = 4; lastKnownFileType = sourcecode.c.objc; path = VAnswer.m; sourceTree = "<group>"; };
		833C05DE185B9A9E00F46123 /* VAnswerAction.h */ = {isa = PBXFileReference; fileEncoding = 4; lastKnownFileType = sourcecode.c.h; path = VAnswerAction.h; sourceTree = "<group>"; };
		833C05DF185B9A9E00F46123 /* VAnswerAction.m */ = {isa = PBXFileReference; fileEncoding = 4; lastKnownFileType = sourcecode.c.objc; path = VAnswerAction.m; sourceTree = "<group>"; };
		833C05E1185B9A9E00F46123 /* VInteraction.h */ = {isa = PBXFileReference; fileEncoding = 4; lastKnownFileType = sourcecode.c.h; path = VInteraction.h; sourceTree = "<group>"; };
		833C05E2185B9A9E00F46123 /* VInteraction.m */ = {isa = PBXFileReference; fileEncoding = 4; lastKnownFileType = sourcecode.c.objc; path = VInteraction.m; sourceTree = "<group>"; };
		833C05E4185B9A9E00F46123 /* VStatAnswer.h */ = {isa = PBXFileReference; fileEncoding = 4; lastKnownFileType = sourcecode.c.h; path = VStatAnswer.h; sourceTree = "<group>"; };
		833C05E5185B9A9E00F46123 /* VStatAnswer.m */ = {isa = PBXFileReference; fileEncoding = 4; lastKnownFileType = sourcecode.c.objc; path = VStatAnswer.m; sourceTree = "<group>"; };
		833C05E7185B9A9F00F46123 /* VUser.h */ = {isa = PBXFileReference; fileEncoding = 4; lastKnownFileType = sourcecode.c.h; path = VUser.h; sourceTree = "<group>"; };
		833C05E8185B9A9F00F46123 /* VUser.m */ = {isa = PBXFileReference; fileEncoding = 4; lastKnownFileType = sourcecode.c.objc; path = VUser.m; sourceTree = "<group>"; };
		833C05EA185B9A9F00F46123 /* VNodeAction.h */ = {isa = PBXFileReference; fileEncoding = 4; lastKnownFileType = sourcecode.c.h; path = VNodeAction.h; sourceTree = "<group>"; };
		833C05EB185B9A9F00F46123 /* VNodeAction.m */ = {isa = PBXFileReference; fileEncoding = 4; lastKnownFileType = sourcecode.c.objc; path = VNodeAction.m; sourceTree = "<group>"; };
		833C05ED185B9A9F00F46123 /* VRule.h */ = {isa = PBXFileReference; fileEncoding = 4; lastKnownFileType = sourcecode.c.h; path = VRule.h; sourceTree = "<group>"; };
		833C05EE185B9A9F00F46123 /* VRule.m */ = {isa = PBXFileReference; fileEncoding = 4; lastKnownFileType = sourcecode.c.objc; path = VRule.m; sourceTree = "<group>"; };
		833C05F0185B9A9F00F46123 /* VNode.h */ = {isa = PBXFileReference; fileEncoding = 4; lastKnownFileType = sourcecode.c.h; path = VNode.h; sourceTree = "<group>"; };
		833C05F1185B9A9F00F46123 /* VNode.m */ = {isa = PBXFileReference; fileEncoding = 4; lastKnownFileType = sourcecode.c.objc; path = VNode.m; sourceTree = "<group>"; };
		833C05F3185B9A9F00F46123 /* VStatInteraction.h */ = {isa = PBXFileReference; fileEncoding = 4; lastKnownFileType = sourcecode.c.h; path = VStatInteraction.h; sourceTree = "<group>"; };
		833C05F4185B9A9F00F46123 /* VStatInteraction.m */ = {isa = PBXFileReference; fileEncoding = 4; lastKnownFileType = sourcecode.c.objc; path = VStatInteraction.m; sourceTree = "<group>"; };
		838A60741861864600C47D2E /* VFeaturedViewController.h */ = {isa = PBXFileReference; fileEncoding = 4; lastKnownFileType = sourcecode.c.h; path = VFeaturedViewController.h; sourceTree = "<group>"; };
		838A60751861864600C47D2E /* VFeaturedViewController.m */ = {isa = PBXFileReference; fileEncoding = 4; lastKnownFileType = sourcecode.c.objc; path = VFeaturedViewController.m; sourceTree = "<group>"; };
		838F41E91857F26900882F1D /* VObjectManager+Login.m */ = {isa = PBXFileReference; fileEncoding = 4; lastKnownFileType = sourcecode.c.objc; name = "VObjectManager+Login.m"; path = "Managers/VObjectManager+Login.m"; sourceTree = "<group>"; };
		838F41F71857F63900882F1D /* VObjectManager+Private.h */ = {isa = PBXFileReference; fileEncoding = 4; lastKnownFileType = sourcecode.c.h; name = "VObjectManager+Private.h"; path = "Managers/VObjectManager+Private.h"; sourceTree = "<group>"; };
		83A41917185803A400CBC150 /* VObjectManager+Sequence.m */ = {isa = PBXFileReference; fileEncoding = 4; lastKnownFileType = sourcecode.c.objc; name = "VObjectManager+Sequence.m"; path = "Managers/VObjectManager+Sequence.m"; sourceTree = "<group>"; };
		B15D4A5304A04D16AD420BCD /* libPods.a */ = {isa = PBXFileReference; explicitFileType = archive.ar; includeInIndex = 0; path = libPods.a; sourceTree = BUILT_PRODUCTS_DIR; };
		BE20A10218524D6A003D0E8C /* libPods-RestKit.a */ = {isa = PBXFileReference; lastKnownFileType = archive.ar; name = "libPods-RestKit.a"; path = "Pods/build/TestFlight-iphoneos/libPods-RestKit.a"; sourceTree = "<group>"; };
		BE2BA7CE1852593700CA71AC /* libPods.a */ = {isa = PBXFileReference; lastKnownFileType = archive.ar; name = libPods.a; path = "Pods/build/TestFlight-iphoneos/libPods.a"; sourceTree = "<group>"; };
		BE4E7552184955BE00344677 /* VObjectManager.h */ = {isa = PBXFileReference; fileEncoding = 4; lastKnownFileType = sourcecode.c.h; name = VObjectManager.h; path = Managers/VObjectManager.h; sourceTree = "<group>"; };
		BE4E7553184955BE00344677 /* VObjectManager.m */ = {isa = PBXFileReference; fileEncoding = 4; lastKnownFileType = sourcecode.c.objc; name = VObjectManager.m; path = Managers/VObjectManager.m; sourceTree = "<group>"; };
		BE5AC2AA184D298900121126 /* NSManagedObject+EasyFetching.h */ = {isa = PBXFileReference; fileEncoding = 4; lastKnownFileType = sourcecode.c.h; name = "NSManagedObject+EasyFetching.h"; path = "Categories/NSManagedObject+EasyFetching.h"; sourceTree = "<group>"; };
		BE5AC2AB184D298900121126 /* NSManagedObject+EasyFetching.m */ = {isa = PBXFileReference; fileEncoding = 4; lastKnownFileType = sourcecode.c.objc; name = "NSManagedObject+EasyFetching.m"; path = "Categories/NSManagedObject+EasyFetching.m"; sourceTree = "<group>"; };
		BE5AC2C3184E733800121126 /* NSString+VParseHelp.h */ = {isa = PBXFileReference; fileEncoding = 4; lastKnownFileType = sourcecode.c.h; name = "NSString+VParseHelp.h"; path = "Categories/NSString+VParseHelp.h"; sourceTree = "<group>"; };
		BE5AC2C4184E733800121126 /* NSString+VParseHelp.m */ = {isa = PBXFileReference; fileEncoding = 4; lastKnownFileType = sourcecode.c.objc; name = "NSString+VParseHelp.m"; path = "Categories/NSString+VParseHelp.m"; sourceTree = "<group>"; };
		BE7A39B8185A52D70009000C /* VErrorMessage.h */ = {isa = PBXFileReference; fileEncoding = 4; lastKnownFileType = sourcecode.c.h; name = VErrorMessage.h; path = Managers/VErrorMessage.h; sourceTree = "<group>"; };
		BE7A39B9185A52D70009000C /* VErrorMessage.m */ = {isa = PBXFileReference; fileEncoding = 4; lastKnownFileType = sourcecode.c.objc; name = VErrorMessage.m; path = Managers/VErrorMessage.m; sourceTree = "<group>"; };
		BE7A39BB185A7C7D0009000C /* VObjectManager+Login.h */ = {isa = PBXFileReference; fileEncoding = 4; lastKnownFileType = sourcecode.c.h; name = "VObjectManager+Login.h"; path = "Managers/VObjectManager+Login.h"; sourceTree = "<group>"; };
		BE7A39BE185A7D110009000C /* VObjectManager+Sequence.h */ = {isa = PBXFileReference; fileEncoding = 4; lastKnownFileType = sourcecode.c.h; name = "VObjectManager+Sequence.h"; path = "Managers/VObjectManager+Sequence.h"; sourceTree = "<group>"; };
		BE7A39C4185A9D260009000C /* VPaginationStatus.h */ = {isa = PBXFileReference; fileEncoding = 4; lastKnownFileType = sourcecode.c.h; name = VPaginationStatus.h; path = Managers/VPaginationStatus.h; sourceTree = "<group>"; };
		BE7A39C5185A9D260009000C /* VPaginationStatus.m */ = {isa = PBXFileReference; fileEncoding = 4; lastKnownFileType = sourcecode.c.objc; name = VPaginationStatus.m; path = Managers/VPaginationStatus.m; sourceTree = "<group>"; };
		BEA4F2251843F097001F5B15 /* victoriOS.app */ = {isa = PBXFileReference; explicitFileType = wrapper.application; includeInIndex = 0; path = victoriOS.app; sourceTree = BUILT_PRODUCTS_DIR; };
		BEA4F2281843F097001F5B15 /* Foundation.framework */ = {isa = PBXFileReference; lastKnownFileType = wrapper.framework; name = Foundation.framework; path = System/Library/Frameworks/Foundation.framework; sourceTree = SDKROOT; };
		BEA4F22A1843F097001F5B15 /* CoreGraphics.framework */ = {isa = PBXFileReference; lastKnownFileType = wrapper.framework; name = CoreGraphics.framework; path = System/Library/Frameworks/CoreGraphics.framework; sourceTree = SDKROOT; };
		BEA4F22C1843F097001F5B15 /* UIKit.framework */ = {isa = PBXFileReference; lastKnownFileType = wrapper.framework; name = UIKit.framework; path = System/Library/Frameworks/UIKit.framework; sourceTree = SDKROOT; };
		BEA4F22E1843F097001F5B15 /* CoreData.framework */ = {isa = PBXFileReference; lastKnownFileType = wrapper.framework; name = CoreData.framework; path = System/Library/Frameworks/CoreData.framework; sourceTree = SDKROOT; };
		BEA4F2321843F097001F5B15 /* victoriOS-Info.plist */ = {isa = PBXFileReference; lastKnownFileType = text.plist.xml; path = "victoriOS-Info.plist"; sourceTree = "<group>"; };
		BEA4F2341843F097001F5B15 /* en */ = {isa = PBXFileReference; lastKnownFileType = text.plist.strings; name = en; path = en.lproj/InfoPlist.strings; sourceTree = "<group>"; };
		BEA4F2361843F097001F5B15 /* main.m */ = {isa = PBXFileReference; lastKnownFileType = sourcecode.c.objc; path = main.m; sourceTree = "<group>"; };
		BEA4F2381843F097001F5B15 /* victoriOS-Prefix.pch */ = {isa = PBXFileReference; lastKnownFileType = sourcecode.c.h; path = "victoriOS-Prefix.pch"; sourceTree = "<group>"; };
		BEA4F2391843F097001F5B15 /* VAppDelegate.h */ = {isa = PBXFileReference; lastKnownFileType = sourcecode.c.h; path = VAppDelegate.h; sourceTree = "<group>"; };
		BEA4F23A1843F097001F5B15 /* VAppDelegate.m */ = {isa = PBXFileReference; lastKnownFileType = sourcecode.c.objc; path = VAppDelegate.m; sourceTree = "<group>"; };
		BEA4F23D1843F097001F5B15 /* victoriOS.xcdatamodel */ = {isa = PBXFileReference; lastKnownFileType = wrapper.xcdatamodel; path = victoriOS.xcdatamodel; sourceTree = "<group>"; };
		BEA4F23F1843F097001F5B15 /* Images.xcassets */ = {isa = PBXFileReference; lastKnownFileType = folder.assetcatalog; path = Images.xcassets; sourceTree = "<group>"; };
		BEA4F2451843F097001F5B15 /* victoriOSTests.xctest */ = {isa = PBXFileReference; explicitFileType = wrapper.cfbundle; includeInIndex = 0; path = victoriOSTests.xctest; sourceTree = BUILT_PRODUCTS_DIR; };
		BEA4F2461843F097001F5B15 /* XCTest.framework */ = {isa = PBXFileReference; lastKnownFileType = wrapper.framework; name = XCTest.framework; path = Library/Frameworks/XCTest.framework; sourceTree = DEVELOPER_DIR; };
		BEA4F24F1843F097001F5B15 /* victoriOSTests-Info.plist */ = {isa = PBXFileReference; lastKnownFileType = text.plist.xml; path = "victoriOSTests-Info.plist"; sourceTree = "<group>"; };
		BEA4F2511843F097001F5B15 /* en */ = {isa = PBXFileReference; lastKnownFileType = text.plist.strings; name = en; path = en.lproj/InfoPlist.strings; sourceTree = "<group>"; };
		BEBDC4A61857B2E30013DEF1 /* VAnswer+RestKit.h */ = {isa = PBXFileReference; fileEncoding = 4; lastKnownFileType = sourcecode.c.h; path = "VAnswer+RestKit.h"; sourceTree = "<group>"; };
		BEBDC4A71857B2E30013DEF1 /* VAnswer+RestKit.m */ = {isa = PBXFileReference; fileEncoding = 4; lastKnownFileType = sourcecode.c.objc; path = "VAnswer+RestKit.m"; sourceTree = "<group>"; };
		BEBDC4A81857B2E30013DEF1 /* VAnswerAction+RestKit.h */ = {isa = PBXFileReference; fileEncoding = 4; lastKnownFileType = sourcecode.c.h; path = "VAnswerAction+RestKit.h"; sourceTree = "<group>"; };
		BEBDC4A91857B2E30013DEF1 /* VAnswerAction+RestKit.m */ = {isa = PBXFileReference; fileEncoding = 4; lastKnownFileType = sourcecode.c.objc; path = "VAnswerAction+RestKit.m"; sourceTree = "<group>"; };
		BEBDC4AA1857B2E30013DEF1 /* VAsset+RestKit.h */ = {isa = PBXFileReference; fileEncoding = 4; lastKnownFileType = sourcecode.c.h; path = "VAsset+RestKit.h"; sourceTree = "<group>"; };
		BEBDC4AB1857B2E30013DEF1 /* VAsset+RestKit.m */ = {isa = PBXFileReference; fileEncoding = 4; lastKnownFileType = sourcecode.c.objc; path = "VAsset+RestKit.m"; sourceTree = "<group>"; };
		BEBDC4AC1857B2E30013DEF1 /* VCategory+RestKit.h */ = {isa = PBXFileReference; fileEncoding = 4; lastKnownFileType = sourcecode.c.h; path = "VCategory+RestKit.h"; sourceTree = "<group>"; };
		BEBDC4AD1857B2E30013DEF1 /* VCategory+RestKit.m */ = {isa = PBXFileReference; fileEncoding = 4; lastKnownFileType = sourcecode.c.objc; path = "VCategory+RestKit.m"; sourceTree = "<group>"; };
		BEBDC4AE1857B2E30013DEF1 /* VComment+RestKit.h */ = {isa = PBXFileReference; fileEncoding = 4; lastKnownFileType = sourcecode.c.h; path = "VComment+RestKit.h"; sourceTree = "<group>"; };
		BEBDC4AF1857B2E30013DEF1 /* VComment+RestKit.m */ = {isa = PBXFileReference; fileEncoding = 4; lastKnownFileType = sourcecode.c.objc; path = "VComment+RestKit.m"; sourceTree = "<group>"; };
		BEBDC4B01857B2E30013DEF1 /* VInteraction+RestKit.h */ = {isa = PBXFileReference; fileEncoding = 4; lastKnownFileType = sourcecode.c.h; path = "VInteraction+RestKit.h"; sourceTree = "<group>"; };
		BEBDC4B11857B2E30013DEF1 /* VInteraction+RestKit.m */ = {isa = PBXFileReference; fileEncoding = 4; lastKnownFileType = sourcecode.c.objc; path = "VInteraction+RestKit.m"; sourceTree = "<group>"; };
		BEBDC4B21857B2E30013DEF1 /* VInteractionAction+RestKit.h */ = {isa = PBXFileReference; fileEncoding = 4; lastKnownFileType = sourcecode.c.h; path = "VInteractionAction+RestKit.h"; sourceTree = "<group>"; };
		BEBDC4B31857B2E30013DEF1 /* VInteractionAction+RestKit.m */ = {isa = PBXFileReference; fileEncoding = 4; lastKnownFileType = sourcecode.c.objc; path = "VInteractionAction+RestKit.m"; sourceTree = "<group>"; };
		BEBDC4B41857B2E30013DEF1 /* VNode+RestKit.h */ = {isa = PBXFileReference; fileEncoding = 4; lastKnownFileType = sourcecode.c.h; path = "VNode+RestKit.h"; sourceTree = "<group>"; };
		BEBDC4B51857B2E30013DEF1 /* VNode+RestKit.m */ = {isa = PBXFileReference; fileEncoding = 4; lastKnownFileType = sourcecode.c.objc; path = "VNode+RestKit.m"; sourceTree = "<group>"; };
		BEBDC4B61857B2E30013DEF1 /* VNodeAction+RestKit.h */ = {isa = PBXFileReference; fileEncoding = 4; lastKnownFileType = sourcecode.c.h; path = "VNodeAction+RestKit.h"; sourceTree = "<group>"; };
		BEBDC4B71857B2E30013DEF1 /* VNodeAction+RestKit.m */ = {isa = PBXFileReference; fileEncoding = 4; lastKnownFileType = sourcecode.c.objc; path = "VNodeAction+RestKit.m"; sourceTree = "<group>"; };
		BEBDC4B81857B2E30013DEF1 /* VRule+RestKit.h */ = {isa = PBXFileReference; fileEncoding = 4; lastKnownFileType = sourcecode.c.h; path = "VRule+RestKit.h"; sourceTree = "<group>"; };
		BEBDC4B91857B2E30013DEF1 /* VRule+RestKit.m */ = {isa = PBXFileReference; fileEncoding = 4; lastKnownFileType = sourcecode.c.objc; path = "VRule+RestKit.m"; sourceTree = "<group>"; };
		BEBDC4BA1857B2E30013DEF1 /* VSequence+RestKit.h */ = {isa = PBXFileReference; fileEncoding = 4; lastKnownFileType = sourcecode.c.h; path = "VSequence+RestKit.h"; sourceTree = "<group>"; };
		BEBDC4BB1857B2E30013DEF1 /* VSequence+RestKit.m */ = {isa = PBXFileReference; fileEncoding = 4; lastKnownFileType = sourcecode.c.objc; path = "VSequence+RestKit.m"; sourceTree = "<group>"; };
		BEBDC4BC1857B2E30013DEF1 /* VStatAnswer+RestKit.h */ = {isa = PBXFileReference; fileEncoding = 4; lastKnownFileType = sourcecode.c.h; path = "VStatAnswer+RestKit.h"; sourceTree = "<group>"; };
		BEBDC4BD1857B2E30013DEF1 /* VStatAnswer+RestKit.m */ = {isa = PBXFileReference; fileEncoding = 4; lastKnownFileType = sourcecode.c.objc; path = "VStatAnswer+RestKit.m"; sourceTree = "<group>"; };
		BEBDC4BE1857B2E30013DEF1 /* VStatInteraction+RestKit.h */ = {isa = PBXFileReference; fileEncoding = 4; lastKnownFileType = sourcecode.c.h; path = "VStatInteraction+RestKit.h"; sourceTree = "<group>"; };
		BEBDC4BF1857B2E30013DEF1 /* VStatInteraction+RestKit.m */ = {isa = PBXFileReference; fileEncoding = 4; lastKnownFileType = sourcecode.c.objc; path = "VStatInteraction+RestKit.m"; sourceTree = "<group>"; };
		BEBDC4C01857B2E30013DEF1 /* VStatSequence+RestKit.h */ = {isa = PBXFileReference; fileEncoding = 4; lastKnownFileType = sourcecode.c.h; path = "VStatSequence+RestKit.h"; sourceTree = "<group>"; };
		BEBDC4C11857B2E30013DEF1 /* VStatSequence+RestKit.m */ = {isa = PBXFileReference; fileEncoding = 4; lastKnownFileType = sourcecode.c.objc; path = "VStatSequence+RestKit.m"; sourceTree = "<group>"; };
		BEBDC4C21857B2E30013DEF1 /* VUser+RestKit.h */ = {isa = PBXFileReference; fileEncoding = 4; lastKnownFileType = sourcecode.c.h; path = "VUser+RestKit.h"; sourceTree = "<group>"; };
		BEBDC4C31857B2E30013DEF1 /* VUser+RestKit.m */ = {isa = PBXFileReference; fileEncoding = 4; lastKnownFileType = sourcecode.c.objc; path = "VUser+RestKit.m"; sourceTree = "<group>"; };
		BEBDC4D91857B80D0013DEF1 /* VLoginManagerTests.m */ = {isa = PBXFileReference; fileEncoding = 4; lastKnownFileType = sourcecode.c.objc; path = VLoginManagerTests.m; sourceTree = "<group>"; };
		BEBDC4DA1857B80D0013DEF1 /* VSequenceManagerTests.m */ = {isa = PBXFileReference; fileEncoding = 4; lastKnownFileType = sourcecode.c.objc; path = VSequenceManagerTests.m; sourceTree = "<group>"; };
		BEBDC4DB1857B80D0013DEF1 /* XCTestRestKit.h */ = {isa = PBXFileReference; fileEncoding = 4; lastKnownFileType = sourcecode.c.h; path = XCTestRestKit.h; sourceTree = "<group>"; };
		BED5590218515734007FD3E6 /* libPods.a */ = {isa = PBXFileReference; lastKnownFileType = archive.ar; name = libPods.a; path = "Pods/build/Release-iphoneos/libPods.a"; sourceTree = "<group>"; };
		BED55904185157DE007FD3E6 /* libPods.a */ = {isa = PBXFileReference; lastKnownFileType = archive.ar; name = libPods.a; path = "Pods/build/Release-iphoneos/libPods.a"; sourceTree = "<group>"; };
		BEE7F93B18625FB000F2031A /* MediaPlayer.framework */ = {isa = PBXFileReference; lastKnownFileType = wrapper.framework; name = MediaPlayer.framework; path = System/Library/Frameworks/MediaPlayer.framework; sourceTree = SDKROOT; };
		BEE7F9401862822500F2031A /* VSequencePlayerViewController.h */ = {isa = PBXFileReference; fileEncoding = 4; lastKnownFileType = sourcecode.c.h; name = VSequencePlayerViewController.h; path = UI/VSequencePlayerViewController.h; sourceTree = "<group>"; };
		BEE7F9411862822500F2031A /* VSequencePlayerViewController.m */ = {isa = PBXFileReference; fileEncoding = 4; lastKnownFileType = sourcecode.c.objc; name = VSequencePlayerViewController.m; path = UI/VSequencePlayerViewController.m; sourceTree = "<group>"; };
		BEE7F947186298BD00F2031A /* VNode+Fetcher.h */ = {isa = PBXFileReference; fileEncoding = 4; lastKnownFileType = sourcecode.c.h; name = "VNode+Fetcher.h"; path = "Categories/Fetchers/VNode+Fetcher.h"; sourceTree = "<group>"; };
		BEE7F948186298BD00F2031A /* VNode+Fetcher.m */ = {isa = PBXFileReference; fileEncoding = 4; lastKnownFileType = sourcecode.c.objc; name = "VNode+Fetcher.m"; path = "Categories/Fetchers/VNode+Fetcher.m"; sourceTree = "<group>"; };
		BEE7F94A1862B05A00F2031A /* VAsset+Fetcher.h */ = {isa = PBXFileReference; fileEncoding = 4; lastKnownFileType = sourcecode.c.h; name = "VAsset+Fetcher.h"; path = "Categories/Fetchers/VAsset+Fetcher.h"; sourceTree = "<group>"; };
		BEE7F94B1862B05A00F2031A /* VAsset+Fetcher.m */ = {isa = PBXFileReference; fileEncoding = 4; lastKnownFileType = sourcecode.c.objc; name = "VAsset+Fetcher.m"; path = "Categories/Fetchers/VAsset+Fetcher.m"; sourceTree = "<group>"; };
		BEE7F94D1862B07500F2031A /* VInteraction+Fetcher.h */ = {isa = PBXFileReference; fileEncoding = 4; lastKnownFileType = sourcecode.c.h; name = "VInteraction+Fetcher.h"; path = "Categories/Fetchers/VInteraction+Fetcher.h"; sourceTree = "<group>"; };
		BEE7F94E1862B07500F2031A /* VInteraction+Fetcher.m */ = {isa = PBXFileReference; fileEncoding = 4; lastKnownFileType = sourcecode.c.objc; name = "VInteraction+Fetcher.m"; path = "Categories/Fetchers/VInteraction+Fetcher.m"; sourceTree = "<group>"; };
		BEE7F9521862D72200F2031A /* VSequencePlayerViewController.xib */ = {isa = PBXFileReference; fileEncoding = 4; lastKnownFileType = file.xib; name = VSequencePlayerViewController.xib; path = UI/VSequencePlayerViewController.xib; sourceTree = "<group>"; };
		BEE7F9561863A6ED00F2031A /* VStreamVideoCell.h */ = {isa = PBXFileReference; fileEncoding = 4; lastKnownFileType = sourcecode.c.h; name = VStreamVideoCell.h; path = UI/VStreamVideoCell.h; sourceTree = "<group>"; };
		BEE7F9571863A6ED00F2031A /* VStreamVideoCell.m */ = {isa = PBXFileReference; fileEncoding = 4; lastKnownFileType = sourcecode.c.objc; name = VStreamVideoCell.m; path = UI/VStreamVideoCell.m; sourceTree = "<group>"; };
		BEE7F95C1863A73800F2031A /* VStreamPollCell.h */ = {isa = PBXFileReference; fileEncoding = 4; lastKnownFileType = sourcecode.c.h; name = VStreamPollCell.h; path = UI/VStreamPollCell.h; sourceTree = "<group>"; };
		BEE7F95D1863A73800F2031A /* VStreamPollCell.m */ = {isa = PBXFileReference; fileEncoding = 4; lastKnownFileType = sourcecode.c.objc; name = VStreamPollCell.m; path = UI/VStreamPollCell.m; sourceTree = "<group>"; };
		BEE7F95F1863B33C00F2031A /* VStreamViewCell.xib */ = {isa = PBXFileReference; fileEncoding = 4; lastKnownFileType = file.xib; name = VStreamViewCell.xib; path = UI/VStreamViewCell.xib; sourceTree = "<group>"; };
		BEE7F9611863BC1E00F2031A /* VStreamVideoCell.xib */ = {isa = PBXFileReference; fileEncoding = 4; lastKnownFileType = file.xib; name = VStreamVideoCell.xib; path = UI/VStreamVideoCell.xib; sourceTree = "<group>"; };
		BEE7F9651863BC3F00F2031A /* VStreamPollCell.xib */ = {isa = PBXFileReference; fileEncoding = 4; lastKnownFileType = file.xib; path = VStreamPollCell.xib; sourceTree = "<group>"; };
		BEF07B4C185BBF86005F177F /* VObjectManager+Comment.h */ = {isa = PBXFileReference; fileEncoding = 4; lastKnownFileType = sourcecode.c.h; name = "VObjectManager+Comment.h"; path = "Managers/VObjectManager+Comment.h"; sourceTree = "<group>"; };
		BEF07B4D185BBF86005F177F /* VObjectManager+Comment.m */ = {isa = PBXFileReference; fileEncoding = 4; lastKnownFileType = sourcecode.c.objc; name = "VObjectManager+Comment.m"; path = "Managers/VObjectManager+Comment.m"; sourceTree = "<group>"; };
/* End PBXFileReference section */

/* Begin PBXFrameworksBuildPhase section */
		BEA4F2221843F097001F5B15 /* Frameworks */ = {
			isa = PBXFrameworksBuildPhase;
			buildActionMask = 2147483647;
			files = (
				BEE7F93C18625FB000F2031A /* MediaPlayer.framework in Frameworks */,
				BED55905185157DE007FD3E6 /* libPods.a in Frameworks */,
				BEA4F22B1843F097001F5B15 /* CoreGraphics.framework in Frameworks */,
				BEA4F22F1843F097001F5B15 /* CoreData.framework in Frameworks */,
				BEA4F22D1843F097001F5B15 /* UIKit.framework in Frameworks */,
				BEA4F2291843F097001F5B15 /* Foundation.framework in Frameworks */,
			);
			runOnlyForDeploymentPostprocessing = 0;
		};
		BEA4F2421843F097001F5B15 /* Frameworks */ = {
			isa = PBXFrameworksBuildPhase;
			buildActionMask = 2147483647;
			files = (
				BE2BA7CF1852593700CA71AC /* libPods.a in Frameworks */,
				BEA4F2471843F097001F5B15 /* XCTest.framework in Frameworks */,
				BEA4F24A1843F097001F5B15 /* CoreData.framework in Frameworks */,
				BEA4F2491843F097001F5B15 /* UIKit.framework in Frameworks */,
				BEA4F2481843F097001F5B15 /* Foundation.framework in Frameworks */,
			);
			runOnlyForDeploymentPostprocessing = 0;
		};
/* End PBXFrameworksBuildPhase section */

/* Begin PBXGroup section */
		3F497881185AAEE000DF80CF /* Owner */ = {
			isa = PBXGroup;
			children = (
				3F497882185AAF0100DF80CF /* VOwnerViewController.h */,
				3F497883185AAF0100DF80CF /* VOwnerViewController.m */,
			);
			name = Owner;
			sourceTree = "<group>";
		};
		3F9100F4185A4AB40005317C /* Login */ = {
			isa = PBXGroup;
			children = (
				5F3B494E184E6B8D0062DB55 /* VLoginViewController.h */,
				5F3B494F184E6B8D0062DB55 /* VLoginViewController.m */,
				3F543C3F18512C6700A1F2FC /* VSignUpViewController.h */,
				3F543C4018512C6700A1F2FC /* VSignUpViewController.m */,
			);
			name = Login;
			sourceTree = "<group>";
		};
		3F9100F5185A4AC40005317C /* Inbox */ = {
			isa = PBXGroup;
			children = (
				3F90DD7F1856A59B00C8F312 /* VInboxViewController.h */,
				3F90DD801856A59B00C8F312 /* VInboxViewController.m */,
				3F90DE481857D9F100C8F312 /* VMessageViewController.h */,
				3F90DE491857D9F100C8F312 /* VMessageViewController.m */,
				3F90DE4B1857DA0200C8F312 /* VComposeMessageViewController.h */,
				3F90DE4C1857DA0200C8F312 /* VComposeMessageViewController.m */,
				3F9100FD185A8E5A0005317C /* VStickerViewController.h */,
				3F9100FE185A8E5A0005317C /* VStickerViewController.m */,
			);
			name = Inbox;
			sourceTree = "<group>";
		};
		3F9100F6185A4AD80005317C /* Profile */ = {
			isa = PBXGroup;
			children = (
				3F90DD821856A66F00C8F312 /* VProfileViewController.h */,
				3F90DD831856A66F00C8F312 /* VProfileViewController.m */,
				3FAFD1B81861083D00AAF106 /* VProfileEditCell.h */,
				3FAFD1B91861083D00AAF106 /* VProfileEditCell.m */,
			);
			name = Profile;
			sourceTree = "<group>";
		};
		3F9100F7185A4AEF0005317C /* Forums */ = {
			isa = PBXGroup;
			children = (
				3F90DD741856A44F00C8F312 /* VForumsViewController.h */,
				3F90DD751856A44F00C8F312 /* VForumsViewController.m */,
			);
			name = Forums;
			sourceTree = "<group>";
		};
		3F9100F8185A4B020005317C /* Streams */ = {
			isa = PBXGroup;
			children = (
				BEE7F955186394A200F2031A /* StreamCells */,
				5F8AAAA3184D467300301783 /* VStreamsTableViewController.h */,
				5F8AAAA4184D467300301783 /* VStreamsTableViewController.m */,
				3F9100FA185A7C540005317C /* VFeaturedPageControllerViewController.h */,
				3F9100FB185A7C540005317C /* VFeaturedPageControllerViewController.m */,
				838A60741861864600C47D2E /* VFeaturedViewController.h */,
				838A60751861864600C47D2E /* VFeaturedViewController.m */,
			);
			name = Streams;
			sourceTree = "<group>";
		};
		3F9100F9185A4B160005317C /* Root */ = {
			isa = PBXGroup;
			children = (
				3F90DD6518569ACA00C8F312 /* VRootViewController.h */,
				3F90DD6618569ACA00C8F312 /* VRootViewController.m */,
				3F90DD6818569B9300C8F312 /* VNavigationController.h */,
				3F90DD6918569B9300C8F312 /* VNavigationController.m */,
				3F90DD6B18569EB400C8F312 /* VMenuController.h */,
				3F90DD6C18569EB400C8F312 /* VMenuController.m */,
			);
			name = Root;
			sourceTree = "<group>";
		};
		5F8AAA5A184D439000301783 /* UI */ = {
			isa = PBXGroup;
			children = (
				3F9100F9185A4B160005317C /* Root */,
				3F9100F8185A4B020005317C /* Streams */,
				BEE7F9541863947C00F2031A /* Streams Subview */,
				3F9100F4185A4AB40005317C /* Login */,
				3F9100F7185A4AEF0005317C /* Forums */,
				3F9100F5185A4AC40005317C /* Inbox */,
				3F9100F6185A4AD80005317C /* Profile */,
				3F497881185AAEE000DF80CF /* Owner */,
				3FAFD1B1185FD2D600AAF106 /* VThemeManager.h */,
				3FAFD1B2185FD2D600AAF106 /* VThemeManager.m */,
				3FAFD1B6185FD6AE00AAF106 /* defaultTheme.plist */,
				5F8AAA5D184D43C600301783 /* Main.storyboard */,
			);
			name = UI;
			sourceTree = "<group>";
		};
		BE4E74C21846953F00344677 /* Categories */ = {
			isa = PBXGroup;
			children = (
				BEE7F9431862947F00F2031A /* Fetchers */,
				BEBDC4A51857B2E30013DEF1 /* Mappings */,
				BE5AC2C3184E733800121126 /* NSString+VParseHelp.h */,
				BE5AC2C4184E733800121126 /* NSString+VParseHelp.m */,
			);
			name = Categories;
			sourceTree = "<group>";
		};
		BE4E75361846BDE100344677 /* Managers */ = {
			isa = PBXGroup;
			children = (
				BE4E7552184955BE00344677 /* VObjectManager.h */,
				BE4E7553184955BE00344677 /* VObjectManager.m */,
				838F41F71857F63900882F1D /* VObjectManager+Private.h */,
				BEF07B4C185BBF86005F177F /* VObjectManager+Comment.h */,
				BEF07B4D185BBF86005F177F /* VObjectManager+Comment.m */,
				BE7A39BB185A7C7D0009000C /* VObjectManager+Login.h */,
				838F41E91857F26900882F1D /* VObjectManager+Login.m */,
				BE7A39BE185A7D110009000C /* VObjectManager+Sequence.h */,
				83A41917185803A400CBC150 /* VObjectManager+Sequence.m */,
				BE7A39B8185A52D70009000C /* VErrorMessage.h */,
				BE7A39B9185A52D70009000C /* VErrorMessage.m */,
				BE7A39C4185A9D260009000C /* VPaginationStatus.h */,
				BE7A39C5185A9D260009000C /* VPaginationStatus.m */,
			);
			name = Managers;
			sourceTree = "<group>";
		};
		BEA4F21C1843F097001F5B15 = {
			isa = PBXGroup;
			children = (
				BEA4F2301843F097001F5B15 /* victoriOS */,
				BEA4F24D1843F097001F5B15 /* victoriOSTests */,
				BEA4F2271843F097001F5B15 /* Frameworks */,
				BEA4F2261843F097001F5B15 /* Products */,
				4F627C2BF55A46F299155184 /* Pods.xcconfig */,
			);
			sourceTree = "<group>";
		};
		BEA4F2261843F097001F5B15 /* Products */ = {
			isa = PBXGroup;
			children = (
				BEA4F2251843F097001F5B15 /* victoriOS.app */,
				BEA4F2451843F097001F5B15 /* victoriOSTests.xctest */,
			);
			name = Products;
			sourceTree = "<group>";
		};
		BEA4F2271843F097001F5B15 /* Frameworks */ = {
			isa = PBXGroup;
			children = (
				BEE7F93B18625FB000F2031A /* MediaPlayer.framework */,
				BE2BA7CE1852593700CA71AC /* libPods.a */,
				BE20A10218524D6A003D0E8C /* libPods-RestKit.a */,
				BED55904185157DE007FD3E6 /* libPods.a */,
				BED5590218515734007FD3E6 /* libPods.a */,
				BEA4F2281843F097001F5B15 /* Foundation.framework */,
				BEA4F22A1843F097001F5B15 /* CoreGraphics.framework */,
				BEA4F22C1843F097001F5B15 /* UIKit.framework */,
				BEA4F22E1843F097001F5B15 /* CoreData.framework */,
				BEA4F2461843F097001F5B15 /* XCTest.framework */,
				B15D4A5304A04D16AD420BCD /* libPods.a */,
			);
			name = Frameworks;
			sourceTree = "<group>";
		};
		BEA4F2301843F097001F5B15 /* victoriOS */ = {
			isa = PBXGroup;
			children = (
				5F8AAA5A184D439000301783 /* UI */,
				BE4E75361846BDE100344677 /* Managers */,
				BE4E74C21846953F00344677 /* Categories */,
				BEBDC4771857B2C50013DEF1 /* Models */,
				BEA4F2391843F097001F5B15 /* VAppDelegate.h */,
				BEA4F23A1843F097001F5B15 /* VAppDelegate.m */,
				BEA4F23F1843F097001F5B15 /* Images.xcassets */,
				3F90DD721856A37000C8F312 /* avatar.jpg */,
				BEA4F23C1843F097001F5B15 /* victoriOS.xcdatamodeld */,
				BEA4F2311843F097001F5B15 /* Supporting Files */,
			);
			path = victoriOS;
			sourceTree = "<group>";
		};
		BEA4F2311843F097001F5B15 /* Supporting Files */ = {
			isa = PBXGroup;
			children = (
				BEA4F2321843F097001F5B15 /* victoriOS-Info.plist */,
				BEA4F2331843F097001F5B15 /* InfoPlist.strings */,
				BEA4F2361843F097001F5B15 /* main.m */,
				BEA4F2381843F097001F5B15 /* victoriOS-Prefix.pch */,
			);
			name = "Supporting Files";
			sourceTree = "<group>";
		};
		BEA4F24D1843F097001F5B15 /* victoriOSTests */ = {
			isa = PBXGroup;
			children = (
				BEBDC4DB1857B80D0013DEF1 /* XCTestRestKit.h */,
				BEBDC4D91857B80D0013DEF1 /* VLoginManagerTests.m */,
				BEBDC4DA1857B80D0013DEF1 /* VSequenceManagerTests.m */,
				BEA4F24E1843F097001F5B15 /* Supporting Files */,
			);
			path = victoriOSTests;
			sourceTree = "<group>";
		};
		BEA4F24E1843F097001F5B15 /* Supporting Files */ = {
			isa = PBXGroup;
			children = (
				BEA4F24F1843F097001F5B15 /* victoriOSTests-Info.plist */,
				BEA4F2501843F097001F5B15 /* InfoPlist.strings */,
			);
			name = "Supporting Files";
			sourceTree = "<group>";
		};
		BEBDC4771857B2C50013DEF1 /* Models */ = {
			isa = PBXGroup;
			children = (
				833C05F3185B9A9F00F46123 /* VStatInteraction.h */,
				833C05F4185B9A9F00F46123 /* VStatInteraction.m */,
				833C05F0185B9A9F00F46123 /* VNode.h */,
				833C05F1185B9A9F00F46123 /* VNode.m */,
				833C05ED185B9A9F00F46123 /* VRule.h */,
				833C05EE185B9A9F00F46123 /* VRule.m */,
				833C05EA185B9A9F00F46123 /* VNodeAction.h */,
				833C05EB185B9A9F00F46123 /* VNodeAction.m */,
				833C05E7185B9A9F00F46123 /* VUser.h */,
				833C05E8185B9A9F00F46123 /* VUser.m */,
				833C05E4185B9A9E00F46123 /* VStatAnswer.h */,
				833C05E5185B9A9E00F46123 /* VStatAnswer.m */,
				833C05E1185B9A9E00F46123 /* VInteraction.h */,
				833C05E2185B9A9E00F46123 /* VInteraction.m */,
				833C05DE185B9A9E00F46123 /* VAnswerAction.h */,
				833C05DF185B9A9E00F46123 /* VAnswerAction.m */,
				833C05DB185B9A9E00F46123 /* VAnswer.h */,
				833C05DC185B9A9E00F46123 /* VAnswer.m */,
				833C05D8185B9A9E00F46123 /* VCategory.h */,
				833C05D9185B9A9E00F46123 /* VCategory.m */,
				833C05D5185B9A9E00F46123 /* VComment.h */,
				833C05D6185B9A9E00F46123 /* VComment.m */,
				833C05D2185B9A9E00F46123 /* VAsset.h */,
				833C05D3185B9A9E00F46123 /* VAsset.m */,
				833C05CF185B9A9E00F46123 /* VStatSequence.h */,
				833C05D0185B9A9E00F46123 /* VStatSequence.m */,
				830B2309185B9B3200AF6D9E /* VSequence.h */,
				830B230A185B9B3200AF6D9E /* VSequence.m */,
				833C05C9185B9A9D00F46123 /* VInteractionAction.h */,
				833C05CA185B9A9D00F46123 /* VInteractionAction.m */,
			);
			path = Models;
			sourceTree = "<group>";
		};
		BEBDC4A51857B2E30013DEF1 /* Mappings */ = {
			isa = PBXGroup;
			children = (
				BEBDC4A61857B2E30013DEF1 /* VAnswer+RestKit.h */,
				BEBDC4A71857B2E30013DEF1 /* VAnswer+RestKit.m */,
				BEBDC4A81857B2E30013DEF1 /* VAnswerAction+RestKit.h */,
				BEBDC4A91857B2E30013DEF1 /* VAnswerAction+RestKit.m */,
				BEBDC4AA1857B2E30013DEF1 /* VAsset+RestKit.h */,
				BEBDC4AB1857B2E30013DEF1 /* VAsset+RestKit.m */,
				BEBDC4AC1857B2E30013DEF1 /* VCategory+RestKit.h */,
				BEBDC4AD1857B2E30013DEF1 /* VCategory+RestKit.m */,
				BEBDC4AE1857B2E30013DEF1 /* VComment+RestKit.h */,
				BEBDC4AF1857B2E30013DEF1 /* VComment+RestKit.m */,
				BEBDC4B01857B2E30013DEF1 /* VInteraction+RestKit.h */,
				BEBDC4B11857B2E30013DEF1 /* VInteraction+RestKit.m */,
				BEBDC4B21857B2E30013DEF1 /* VInteractionAction+RestKit.h */,
				BEBDC4B31857B2E30013DEF1 /* VInteractionAction+RestKit.m */,
				BEBDC4B41857B2E30013DEF1 /* VNode+RestKit.h */,
				BEBDC4B51857B2E30013DEF1 /* VNode+RestKit.m */,
				BEBDC4B61857B2E30013DEF1 /* VNodeAction+RestKit.h */,
				BEBDC4B71857B2E30013DEF1 /* VNodeAction+RestKit.m */,
				BEBDC4B81857B2E30013DEF1 /* VRule+RestKit.h */,
				BEBDC4B91857B2E30013DEF1 /* VRule+RestKit.m */,
				BEBDC4BA1857B2E30013DEF1 /* VSequence+RestKit.h */,
				BEBDC4BB1857B2E30013DEF1 /* VSequence+RestKit.m */,
				BEBDC4BC1857B2E30013DEF1 /* VStatAnswer+RestKit.h */,
				BEBDC4BD1857B2E30013DEF1 /* VStatAnswer+RestKit.m */,
				BEBDC4BE1857B2E30013DEF1 /* VStatInteraction+RestKit.h */,
				BEBDC4BF1857B2E30013DEF1 /* VStatInteraction+RestKit.m */,
				BEBDC4C01857B2E30013DEF1 /* VStatSequence+RestKit.h */,
				BEBDC4C11857B2E30013DEF1 /* VStatSequence+RestKit.m */,
				BEBDC4C21857B2E30013DEF1 /* VUser+RestKit.h */,
				BEBDC4C31857B2E30013DEF1 /* VUser+RestKit.m */,
			);
			name = Mappings;
			path = Categories/Mappings;
			sourceTree = "<group>";
		};
		BEE7F9431862947F00F2031A /* Fetchers */ = {
			isa = PBXGroup;
			children = (
				BE5AC2AA184D298900121126 /* NSManagedObject+EasyFetching.h */,
				BE5AC2AB184D298900121126 /* NSManagedObject+EasyFetching.m */,
				BEE7F947186298BD00F2031A /* VNode+Fetcher.h */,
				BEE7F948186298BD00F2031A /* VNode+Fetcher.m */,
				BEE7F94A1862B05A00F2031A /* VAsset+Fetcher.h */,
				BEE7F94B1862B05A00F2031A /* VAsset+Fetcher.m */,
				BEE7F94D1862B07500F2031A /* VInteraction+Fetcher.h */,
				BEE7F94E1862B07500F2031A /* VInteraction+Fetcher.m */,
			);
			name = Fetchers;
			sourceTree = "<group>";
		};
		BEE7F9541863947C00F2031A /* Streams Subview */ = {
			isa = PBXGroup;
			children = (
				83088F8818602AFD00B0808A /* VCommentViewCell.h */,
				83088F8918602AFD00B0808A /* VCommentViewCell.m */,
				3F910100185A97490005317C /* VStreamsSubViewController.h */,
				3F910101185A97490005317C /* VStreamsSubViewController.m */,
				BEE7F9401862822500F2031A /* VSequencePlayerViewController.h */,
				BEE7F9411862822500F2031A /* VSequencePlayerViewController.m */,
				BEE7F9521862D72200F2031A /* VSequencePlayerViewController.xib */,
			);
			name = "Streams Subview";
			sourceTree = "<group>";
		};
		BEE7F955186394A200F2031A /* StreamCells */ = {
			isa = PBXGroup;
			children = (
				83088F8518601B3200B0808A /* VStreamViewCell.h */,
				83088F8618601B3200B0808A /* VStreamViewCell.m */,
				BEE7F95F1863B33C00F2031A /* VStreamViewCell.xib */,
				BEE7F9561863A6ED00F2031A /* VStreamVideoCell.h */,
				BEE7F9571863A6ED00F2031A /* VStreamVideoCell.m */,
				BEE7F9611863BC1E00F2031A /* VStreamVideoCell.xib */,
				BEE7F95C1863A73800F2031A /* VStreamPollCell.h */,
				BEE7F95D1863A73800F2031A /* VStreamPollCell.m */,
				BEE7F9651863BC3F00F2031A /* VStreamPollCell.xib */,
			);
			name = StreamCells;
			sourceTree = "<group>";
		};
/* End PBXGroup section */

/* Begin PBXNativeTarget section */
		BEA4F2241843F097001F5B15 /* victoriOS */ = {
			isa = PBXNativeTarget;
			buildConfigurationList = BEA4F2571843F097001F5B15 /* Build configuration list for PBXNativeTarget "victoriOS" */;
			buildPhases = (
				BEE8FD2EAC7A4BB7BCC1C6D2 /* Check Pods Manifest.lock */,
				BEA4F2211843F097001F5B15 /* Sources */,
				BEA4F2221843F097001F5B15 /* Frameworks */,
				BEA4F2231843F097001F5B15 /* Resources */,
				83A0AA12E6C54CAF9C18C857 /* Copy Pods Resources */,
			);
			buildRules = (
			);
			dependencies = (
			);
			name = victoriOS;
			productName = victoriOS;
			productReference = BEA4F2251843F097001F5B15 /* victoriOS.app */;
			productType = "com.apple.product-type.application";
		};
		BEA4F2441843F097001F5B15 /* victoriOSTests */ = {
			isa = PBXNativeTarget;
			buildConfigurationList = BEA4F25A1843F097001F5B15 /* Build configuration list for PBXNativeTarget "victoriOSTests" */;
			buildPhases = (
				BEA4F2411843F097001F5B15 /* Sources */,
				BEA4F2421843F097001F5B15 /* Frameworks */,
				BEA4F2431843F097001F5B15 /* Resources */,
			);
			buildRules = (
			);
			dependencies = (
				BEA4F24C1843F097001F5B15 /* PBXTargetDependency */,
			);
			name = victoriOSTests;
			productName = victoriOSTests;
			productReference = BEA4F2451843F097001F5B15 /* victoriOSTests.xctest */;
			productType = "com.apple.product-type.bundle.unit-test";
		};
/* End PBXNativeTarget section */

/* Begin PBXProject section */
		BEA4F21D1843F097001F5B15 /* Project object */ = {
			isa = PBXProject;
			attributes = {
				CLASSPREFIX = V;
				LastUpgradeCheck = 0500;
				ORGANIZATIONNAME = "Victorious, Inc.";
				TargetAttributes = {
					BEA4F2241843F097001F5B15 = {
						DevelopmentTeam = 82T26U698A;
						SystemCapabilities = {
							com.apple.BackgroundModes = {
								enabled = 1;
							};
						};
					};
					BEA4F2441843F097001F5B15 = {
						TestTargetID = BEA4F2241843F097001F5B15;
					};
				};
			};
			buildConfigurationList = BEA4F2201843F097001F5B15 /* Build configuration list for PBXProject "victoriOS" */;
			compatibilityVersion = "Xcode 3.2";
			developmentRegion = English;
			hasScannedForEncodings = 0;
			knownRegions = (
				en,
			);
			mainGroup = BEA4F21C1843F097001F5B15;
			productRefGroup = BEA4F2261843F097001F5B15 /* Products */;
			projectDirPath = "";
			projectRoot = "";
			targets = (
				BEA4F2241843F097001F5B15 /* victoriOS */,
				BEA4F2441843F097001F5B15 /* victoriOSTests */,
			);
		};
/* End PBXProject section */

/* Begin PBXResourcesBuildPhase section */
		BEA4F2231843F097001F5B15 /* Resources */ = {
			isa = PBXResourcesBuildPhase;
			buildActionMask = 2147483647;
			files = (
				3FAFD1B7185FD6AE00AAF106 /* defaultTheme.plist in Resources */,
				BEE7F9531862D72200F2031A /* VSequencePlayerViewController.xib in Resources */,
				BEE7F9601863B33C00F2031A /* VStreamViewCell.xib in Resources */,
				5F8AAA5E184D43C600301783 /* Main.storyboard in Resources */,
				BEA4F2351843F097001F5B15 /* InfoPlist.strings in Resources */,
				BEE7F9661863BC3F00F2031A /* VStreamPollCell.xib in Resources */,
				BEA4F2401843F097001F5B15 /* Images.xcassets in Resources */,
				BEE7F9621863BC1E00F2031A /* VStreamVideoCell.xib in Resources */,
				3F90DD731856A37000C8F312 /* avatar.jpg in Resources */,
			);
			runOnlyForDeploymentPostprocessing = 0;
		};
		BEA4F2431843F097001F5B15 /* Resources */ = {
			isa = PBXResourcesBuildPhase;
			buildActionMask = 2147483647;
			files = (
				BEA4F2521843F097001F5B15 /* InfoPlist.strings in Resources */,
			);
			runOnlyForDeploymentPostprocessing = 0;
		};
/* End PBXResourcesBuildPhase section */

/* Begin PBXShellScriptBuildPhase section */
		83A0AA12E6C54CAF9C18C857 /* Copy Pods Resources */ = {
			isa = PBXShellScriptBuildPhase;
			buildActionMask = 2147483647;
			files = (
			);
			inputPaths = (
			);
			name = "Copy Pods Resources";
			outputPaths = (
			);
			runOnlyForDeploymentPostprocessing = 0;
			shellPath = /bin/sh;
			shellScript = "\"${SRCROOT}/Pods/Pods-resources.sh\"\n";
			showEnvVarsInLog = 0;
		};
		BEE8FD2EAC7A4BB7BCC1C6D2 /* Check Pods Manifest.lock */ = {
			isa = PBXShellScriptBuildPhase;
			buildActionMask = 2147483647;
			files = (
			);
			inputPaths = (
			);
			name = "Check Pods Manifest.lock";
			outputPaths = (
			);
			runOnlyForDeploymentPostprocessing = 0;
			shellPath = /bin/sh;
			shellScript = "diff \"${PODS_ROOT}/../Podfile.lock\" \"${PODS_ROOT}/Manifest.lock\" > /dev/null\nif [[ $? != 0 ]] ; then\n    cat << EOM\nerror: The sandbox is not in sync with the Podfile.lock. Run 'pod install' or update your CocoaPods installation.\nEOM\n    exit 1\nfi\n";
			showEnvVarsInLog = 0;
		};
/* End PBXShellScriptBuildPhase section */

/* Begin PBXSourcesBuildPhase section */
		BEA4F2211843F097001F5B15 /* Sources */ = {
			isa = PBXSourcesBuildPhase;
			buildActionMask = 2147483647;
			files = (
				BE7A39BA185A52D70009000C /* VErrorMessage.m in Sources */,
				3F90DD6A18569B9300C8F312 /* VNavigationController.m in Sources */,
				3F9100FC185A7C540005317C /* VFeaturedPageControllerViewController.m in Sources */,
				5F3B4950184E6B8D0062DB55 /* VLoginViewController.m in Sources */,
				BEE7F949186298BD00F2031A /* VNode+Fetcher.m in Sources */,
				3FAFD1B3185FD2D600AAF106 /* VThemeManager.m in Sources */,
				BEBDC4C51857B2E30013DEF1 /* VAnswerAction+RestKit.m in Sources */,
				BE4E7554184955BE00344677 /* VObjectManager.m in Sources */,
				833C05F2185B9A9F00F46123 /* VNode.m in Sources */,
				833C05EF185B9A9F00F46123 /* VRule.m in Sources */,
				83A41918185803A400CBC150 /* VObjectManager+Sequence.m in Sources */,
				833C05EC185B9A9F00F46123 /* VNodeAction.m in Sources */,
				BE7A39C6185A9D260009000C /* VPaginationStatus.m in Sources */,
				BEBDC4CD1857B2E30013DEF1 /* VRule+RestKit.m in Sources */,
				3F90DD6D18569EB400C8F312 /* VMenuController.m in Sources */,
				BEBDC4CA1857B2E30013DEF1 /* VInteractionAction+RestKit.m in Sources */,
				833C05F5185B9A9F00F46123 /* VStatInteraction.m in Sources */,
				833C05D1185B9A9E00F46123 /* VStatSequence.m in Sources */,
				833C05D4185B9A9E00F46123 /* VAsset.m in Sources */,
				833C05E3185B9A9E00F46123 /* VInteraction.m in Sources */,
				BEA4F2371843F097001F5B15 /* main.m in Sources */,
				BEBDC4C91857B2E30013DEF1 /* VInteraction+RestKit.m in Sources */,
				3F90DE4D1857DA0200C8F312 /* VComposeMessageViewController.m in Sources */,
				3F910102185A97490005317C /* VStreamsSubViewController.m in Sources */,
				BE5AC2C5184E733800121126 /* NSString+VParseHelp.m in Sources */,
				BE5AC2BB184D298900121126 /* NSManagedObject+EasyFetching.m in Sources */,
				BEBDC4C61857B2E30013DEF1 /* VAsset+RestKit.m in Sources */,
				3F90DD761856A44F00C8F312 /* VForumsViewController.m in Sources */,
				BEA4F23E1843F097001F5B15 /* victoriOS.xcdatamodeld in Sources */,
				833C05D7185B9A9E00F46123 /* VComment.m in Sources */,
				833C05E9185B9A9F00F46123 /* VUser.m in Sources */,
				BEBDC4C41857B2E30013DEF1 /* VAnswer+RestKit.m in Sources */,
				BEBDC4C71857B2E30013DEF1 /* VCategory+RestKit.m in Sources */,
				838A60761861864600C47D2E /* VFeaturedViewController.m in Sources */,
				830B230B185B9B3200AF6D9E /* VSequence.m in Sources */,
				BEBDC4CC1857B2E30013DEF1 /* VNodeAction+RestKit.m in Sources */,
				3FAFD1BA1861083D00AAF106 /* VProfileEditCell.m in Sources */,
				833C05DD185B9A9E00F46123 /* VAnswer.m in Sources */,
				838F41EA1857F26900882F1D /* VObjectManager+Login.m in Sources */,
				BEBDC4CF1857B2E30013DEF1 /* VStatAnswer+RestKit.m in Sources */,
				BEE7F95E1863A73800F2031A /* VStreamPollCell.m in Sources */,
				BEBDC4C81857B2E30013DEF1 /* VComment+RestKit.m in Sources */,
				833C05E6185B9A9E00F46123 /* VStatAnswer.m in Sources */,
				BEBDC4D11857B2E30013DEF1 /* VStatSequence+RestKit.m in Sources */,
				BEBDC4CB1857B2E30013DEF1 /* VNode+RestKit.m in Sources */,
				83088F8718601B3200B0808A /* VStreamViewCell.m in Sources */,
				BEE7F94C1862B05A00F2031A /* VAsset+Fetcher.m in Sources */,
				3F497884185AAF0100DF80CF /* VOwnerViewController.m in Sources */,
				3F9100FF185A8E5A0005317C /* VStickerViewController.m in Sources */,
				BEE7F94F1862B07500F2031A /* VInteraction+Fetcher.m in Sources */,
				3F90DD811856A59B00C8F312 /* VInboxViewController.m in Sources */,
				BEBDC4D21857B2E30013DEF1 /* VUser+RestKit.m in Sources */,
				BEBDC4D01857B2E30013DEF1 /* VStatInteraction+RestKit.m in Sources */,
				BEBDC4CE1857B2E30013DEF1 /* VSequence+RestKit.m in Sources */,
				833C05CB185B9A9D00F46123 /* VInteractionAction.m in Sources */,
				83088F8A18602AFD00B0808A /* VCommentViewCell.m in Sources */,
				BEE7F9421862822500F2031A /* VSequencePlayerViewController.m in Sources */,
				BEA4F23B1843F097001F5B15 /* VAppDelegate.m in Sources */,
				833C05DA185B9A9E00F46123 /* VCategory.m in Sources */,
				3F90DE4A1857D9F100C8F312 /* VMessageViewController.m in Sources */,
				3F90DD6718569ACA00C8F312 /* VRootViewController.m in Sources */,
				BEE7F9581863A6ED00F2031A /* VStreamVideoCell.m in Sources */,
				BEF07B4E185BBF86005F177F /* VObjectManager+Comment.m in Sources */,
				833C05E0185B9A9E00F46123 /* VAnswerAction.m in Sources */,
				3F90DD841856A66F00C8F312 /* VProfileViewController.m in Sources */,
				3F543C4118512C6700A1F2FC /* VSignUpViewController.m in Sources */,
				5F8AAAA5184D467300301783 /* VStreamsTableViewController.m in Sources */,
			);
			runOnlyForDeploymentPostprocessing = 0;
		};
		BEA4F2411843F097001F5B15 /* Sources */ = {
			isa = PBXSourcesBuildPhase;
			buildActionMask = 2147483647;
			files = (
				BEBDC4DC1857B80D0013DEF1 /* VLoginManagerTests.m in Sources */,
				BEBDC4DD1857B80D0013DEF1 /* VSequenceManagerTests.m in Sources */,
			);
			runOnlyForDeploymentPostprocessing = 0;
		};
/* End PBXSourcesBuildPhase section */

/* Begin PBXTargetDependency section */
		BEA4F24C1843F097001F5B15 /* PBXTargetDependency */ = {
			isa = PBXTargetDependency;
			target = BEA4F2241843F097001F5B15 /* victoriOS */;
			targetProxy = BEA4F24B1843F097001F5B15 /* PBXContainerItemProxy */;
		};
/* End PBXTargetDependency section */

/* Begin PBXVariantGroup section */
		BEA4F2331843F097001F5B15 /* InfoPlist.strings */ = {
			isa = PBXVariantGroup;
			children = (
				BEA4F2341843F097001F5B15 /* en */,
			);
			name = InfoPlist.strings;
			sourceTree = "<group>";
		};
		BEA4F2501843F097001F5B15 /* InfoPlist.strings */ = {
			isa = PBXVariantGroup;
			children = (
				BEA4F2511843F097001F5B15 /* en */,
			);
			name = InfoPlist.strings;
			sourceTree = "<group>";
		};
/* End PBXVariantGroup section */

/* Begin XCBuildConfiguration section */
		BEA4F2551843F097001F5B15 /* Debug */ = {
			isa = XCBuildConfiguration;
			buildSettings = {
				ALWAYS_SEARCH_USER_PATHS = NO;
				ARCHS = "$(ARCHS_STANDARD_INCLUDING_64_BIT)";
				CLANG_ANALYZER_SECURITY_FLOATLOOPCOUNTER = YES;
				CLANG_ANALYZER_SECURITY_INSECUREAPI_RAND = YES;
				CLANG_ANALYZER_SECURITY_INSECUREAPI_STRCPY = YES;
				CLANG_CXX_LANGUAGE_STANDARD = "gnu++0x";
				CLANG_CXX_LIBRARY = "libc++";
				CLANG_ENABLE_MODULES = YES;
				CLANG_ENABLE_OBJC_ARC = YES;
				CLANG_WARN_BOOL_CONVERSION = YES;
				CLANG_WARN_CONSTANT_CONVERSION = YES;
				CLANG_WARN_DIRECT_OBJC_ISA_USAGE = YES_ERROR;
				CLANG_WARN_EMPTY_BODY = YES;
				CLANG_WARN_ENUM_CONVERSION = YES;
				CLANG_WARN_INT_CONVERSION = YES;
				CLANG_WARN_OBJC_ROOT_CLASS = YES_ERROR;
				CLANG_WARN__DUPLICATE_METHOD_MATCH = YES;
				"CODE_SIGN_IDENTITY[sdk=iphoneos*]" = "iPhone Developer";
				COPY_PHASE_STRIP = NO;
				GCC_C_LANGUAGE_STANDARD = gnu99;
				GCC_DYNAMIC_NO_PIC = NO;
				GCC_OPTIMIZATION_LEVEL = 0;
				GCC_PREPROCESSOR_DEFINITIONS = (
					"DEBUG=1",
					"$(inherited)",
				);
				GCC_SYMBOLS_PRIVATE_EXTERN = NO;
				GCC_WARN_64_TO_32_BIT_CONVERSION = YES;
				GCC_WARN_ABOUT_RETURN_TYPE = YES_ERROR;
				GCC_WARN_UNDECLARED_SELECTOR = YES;
				GCC_WARN_UNINITIALIZED_AUTOS = YES;
				GCC_WARN_UNUSED_FUNCTION = YES;
				GCC_WARN_UNUSED_VARIABLE = YES;
				IPHONEOS_DEPLOYMENT_TARGET = 7.0;
				ONLY_ACTIVE_ARCH = YES;
				PROVISIONING_PROFILE = "0231078F-FED8-44DD-A34D-7B96B3314EB6";
				SDKROOT = iphoneos;
			};
			name = Debug;
		};
		BEA4F2561843F097001F5B15 /* Release */ = {
			isa = XCBuildConfiguration;
			buildSettings = {
				ALWAYS_SEARCH_USER_PATHS = NO;
				ARCHS = "$(ARCHS_STANDARD_INCLUDING_64_BIT)";
				CLANG_ANALYZER_SECURITY_FLOATLOOPCOUNTER = YES;
				CLANG_ANALYZER_SECURITY_INSECUREAPI_RAND = YES;
				CLANG_ANALYZER_SECURITY_INSECUREAPI_STRCPY = YES;
				CLANG_CXX_LANGUAGE_STANDARD = "gnu++0x";
				CLANG_CXX_LIBRARY = "libc++";
				CLANG_ENABLE_MODULES = YES;
				CLANG_ENABLE_OBJC_ARC = YES;
				CLANG_WARN_BOOL_CONVERSION = YES;
				CLANG_WARN_CONSTANT_CONVERSION = YES;
				CLANG_WARN_DIRECT_OBJC_ISA_USAGE = YES_ERROR;
				CLANG_WARN_EMPTY_BODY = YES;
				CLANG_WARN_ENUM_CONVERSION = YES;
				CLANG_WARN_INT_CONVERSION = YES;
				CLANG_WARN_OBJC_ROOT_CLASS = YES_ERROR;
				CLANG_WARN__DUPLICATE_METHOD_MATCH = YES;
				"CODE_SIGN_IDENTITY[sdk=iphoneos*]" = "iPhone Developer";
				COPY_PHASE_STRIP = YES;
				ENABLE_NS_ASSERTIONS = NO;
				GCC_C_LANGUAGE_STANDARD = gnu99;
				GCC_WARN_64_TO_32_BIT_CONVERSION = YES;
				GCC_WARN_ABOUT_RETURN_TYPE = YES_ERROR;
				GCC_WARN_UNDECLARED_SELECTOR = YES;
				GCC_WARN_UNINITIALIZED_AUTOS = YES;
				GCC_WARN_UNUSED_FUNCTION = YES;
				GCC_WARN_UNUSED_VARIABLE = YES;
				IPHONEOS_DEPLOYMENT_TARGET = 7.0;
				PROVISIONING_PROFILE = "0231078F-FED8-44DD-A34D-7B96B3314EB6";
				SDKROOT = iphoneos;
				VALIDATE_PRODUCT = YES;
			};
			name = Release;
		};
		BEA4F2581843F097001F5B15 /* Debug */ = {
			isa = XCBuildConfiguration;
			baseConfigurationReference = 4F627C2BF55A46F299155184 /* Pods.xcconfig */;
			buildSettings = {
				ASSETCATALOG_COMPILER_APPICON_NAME = AppIcon;
				ASSETCATALOG_COMPILER_LAUNCHIMAGE_NAME = LaunchImage;
				CODE_SIGN_IDENTITY = "iPhone Developer";
				"CODE_SIGN_IDENTITY[sdk=iphoneos*]" = "iPhone Developer";
				GCC_PRECOMPILE_PREFIX_HEADER = YES;
				GCC_PREFIX_HEADER = "victoriOS/victoriOS-Prefix.pch";
				INFOPLIST_FILE = "victoriOS/victoriOS-Info.plist";
				PRODUCT_NAME = "$(TARGET_NAME)";
				PROVISIONING_PROFILE = "";
				WRAPPER_EXTENSION = app;
			};
			name = Debug;
		};
		BEA4F2591843F097001F5B15 /* Release */ = {
			isa = XCBuildConfiguration;
			baseConfigurationReference = 4F627C2BF55A46F299155184 /* Pods.xcconfig */;
			buildSettings = {
				ASSETCATALOG_COMPILER_APPICON_NAME = AppIcon;
				ASSETCATALOG_COMPILER_LAUNCHIMAGE_NAME = LaunchImage;
				CODE_SIGN_IDENTITY = "iPhone Developer";
				"CODE_SIGN_IDENTITY[sdk=iphoneos*]" = "iPhone Developer";
				GCC_PRECOMPILE_PREFIX_HEADER = YES;
				GCC_PREFIX_HEADER = "victoriOS/victoriOS-Prefix.pch";
				INFOPLIST_FILE = "victoriOS/victoriOS-Info.plist";
				PRODUCT_NAME = "$(TARGET_NAME)";
				PROVISIONING_PROFILE = "";
				WRAPPER_EXTENSION = app;
			};
			name = Release;
		};
		BEA4F25B1843F097001F5B15 /* Debug */ = {
			isa = XCBuildConfiguration;
			baseConfigurationReference = 4F627C2BF55A46F299155184 /* Pods.xcconfig */;
			buildSettings = {
				ARCHS = "$(ARCHS_STANDARD_INCLUDING_64_BIT)";
				BUNDLE_LOADER = "$(BUILT_PRODUCTS_DIR)/victoriOS.app/victoriOS";
				FRAMEWORK_SEARCH_PATHS = (
					"$(SDKROOT)/Developer/Library/Frameworks",
					"$(inherited)",
					"$(DEVELOPER_FRAMEWORKS_DIR)",
				);
				GCC_PRECOMPILE_PREFIX_HEADER = YES;
				GCC_PREFIX_HEADER = "victoriOS/victoriOS-Prefix.pch";
				GCC_PREPROCESSOR_DEFINITIONS = (
					"DEBUG=1",
					"$(inherited)",
				);
				INFOPLIST_FILE = "victoriOSTests/victoriOSTests-Info.plist";
				PRODUCT_NAME = "$(TARGET_NAME)";
				TEST_HOST = "$(BUNDLE_LOADER)";
				WRAPPER_EXTENSION = xctest;
			};
			name = Debug;
		};
		BEA4F25C1843F097001F5B15 /* Release */ = {
			isa = XCBuildConfiguration;
			baseConfigurationReference = 4F627C2BF55A46F299155184 /* Pods.xcconfig */;
			buildSettings = {
				ARCHS = "$(ARCHS_STANDARD_INCLUDING_64_BIT)";
				BUNDLE_LOADER = "$(BUILT_PRODUCTS_DIR)/victoriOS.app/victoriOS";
				FRAMEWORK_SEARCH_PATHS = (
					"$(SDKROOT)/Developer/Library/Frameworks",
					"$(inherited)",
					"$(DEVELOPER_FRAMEWORKS_DIR)",
				);
				GCC_PRECOMPILE_PREFIX_HEADER = YES;
				GCC_PREFIX_HEADER = "victoriOS/victoriOS-Prefix.pch";
				INFOPLIST_FILE = "victoriOSTests/victoriOSTests-Info.plist";
				PRODUCT_NAME = "$(TARGET_NAME)";
				TEST_HOST = "$(BUNDLE_LOADER)";
				WRAPPER_EXTENSION = xctest;
			};
			name = Release;
		};
		BED558FC185134E7007FD3E6 /* TestFlight */ = {
			isa = XCBuildConfiguration;
			buildSettings = {
				ALWAYS_SEARCH_USER_PATHS = NO;
				ARCHS = "$(ARCHS_STANDARD_INCLUDING_64_BIT)";
				CLANG_ANALYZER_SECURITY_FLOATLOOPCOUNTER = YES;
				CLANG_ANALYZER_SECURITY_INSECUREAPI_RAND = YES;
				CLANG_ANALYZER_SECURITY_INSECUREAPI_STRCPY = YES;
				CLANG_CXX_LANGUAGE_STANDARD = "gnu++0x";
				CLANG_CXX_LIBRARY = "libc++";
				CLANG_ENABLE_MODULES = YES;
				CLANG_ENABLE_OBJC_ARC = YES;
				CLANG_WARN_BOOL_CONVERSION = YES;
				CLANG_WARN_CONSTANT_CONVERSION = YES;
				CLANG_WARN_DIRECT_OBJC_ISA_USAGE = YES_ERROR;
				CLANG_WARN_EMPTY_BODY = YES;
				CLANG_WARN_ENUM_CONVERSION = YES;
				CLANG_WARN_INT_CONVERSION = YES;
				CLANG_WARN_OBJC_ROOT_CLASS = YES_ERROR;
				CLANG_WARN__DUPLICATE_METHOD_MATCH = YES;
				"CODE_SIGN_IDENTITY[sdk=iphoneos*]" = "iPhone Developer";
				COPY_PHASE_STRIP = NO;
				GCC_C_LANGUAGE_STANDARD = gnu99;
				GCC_DYNAMIC_NO_PIC = NO;
				GCC_OPTIMIZATION_LEVEL = 0;
				GCC_PREPROCESSOR_DEFINITIONS = (
					"DEBUG=1",
					"$(inherited)",
				);
				GCC_SYMBOLS_PRIVATE_EXTERN = NO;
				GCC_WARN_64_TO_32_BIT_CONVERSION = YES;
				GCC_WARN_ABOUT_RETURN_TYPE = YES_ERROR;
				GCC_WARN_UNDECLARED_SELECTOR = YES;
				GCC_WARN_UNINITIALIZED_AUTOS = YES;
				GCC_WARN_UNUSED_FUNCTION = YES;
				GCC_WARN_UNUSED_VARIABLE = YES;
				IPHONEOS_DEPLOYMENT_TARGET = 7.0;
				ONLY_ACTIVE_ARCH = YES;
				PROVISIONING_PROFILE = "0231078F-FED8-44DD-A34D-7B96B3314EB6";
				SDKROOT = iphoneos;
			};
			name = TestFlight;
		};
		BED558FD185134E7007FD3E6 /* TestFlight */ = {
			isa = XCBuildConfiguration;
			baseConfigurationReference = 4F627C2BF55A46F299155184 /* Pods.xcconfig */;
			buildSettings = {
				ASSETCATALOG_COMPILER_APPICON_NAME = AppIcon;
				ASSETCATALOG_COMPILER_LAUNCHIMAGE_NAME = LaunchImage;
				CODE_SIGN_IDENTITY = "iPhone Developer";
				"CODE_SIGN_IDENTITY[sdk=iphoneos*]" = "iPhone Developer";
				GCC_PRECOMPILE_PREFIX_HEADER = YES;
				GCC_PREFIX_HEADER = "victoriOS/victoriOS-Prefix.pch";
				INFOPLIST_FILE = "victoriOS/victoriOS-Info.plist";
				PRODUCT_NAME = "$(TARGET_NAME)";
				PROVISIONING_PROFILE = "";
				WRAPPER_EXTENSION = app;
			};
			name = TestFlight;
		};
		BED558FE185134E7007FD3E6 /* TestFlight */ = {
			isa = XCBuildConfiguration;
			baseConfigurationReference = 4F627C2BF55A46F299155184 /* Pods.xcconfig */;
			buildSettings = {
				ARCHS = "$(ARCHS_STANDARD_INCLUDING_64_BIT)";
				BUNDLE_LOADER = "$(BUILT_PRODUCTS_DIR)/victoriOS.app/victoriOS";
				FRAMEWORK_SEARCH_PATHS = (
					"$(SDKROOT)/Developer/Library/Frameworks",
					"$(inherited)",
					"$(DEVELOPER_FRAMEWORKS_DIR)",
				);
				GCC_PRECOMPILE_PREFIX_HEADER = YES;
				GCC_PREFIX_HEADER = "victoriOS/victoriOS-Prefix.pch";
				GCC_PREPROCESSOR_DEFINITIONS = (
					"DEBUG=1",
					"$(inherited)",
				);
				INFOPLIST_FILE = "victoriOSTests/victoriOSTests-Info.plist";
				PRODUCT_NAME = "$(TARGET_NAME)";
				TEST_HOST = "$(BUNDLE_LOADER)";
				WRAPPER_EXTENSION = xctest;
			};
			name = TestFlight;
		};
		BED558FF185134EC007FD3E6 /* TestFlight Release */ = {
			isa = XCBuildConfiguration;
			buildSettings = {
				ALWAYS_SEARCH_USER_PATHS = NO;
				ARCHS = "$(ARCHS_STANDARD_INCLUDING_64_BIT)";
				CLANG_ANALYZER_SECURITY_FLOATLOOPCOUNTER = YES;
				CLANG_ANALYZER_SECURITY_INSECUREAPI_RAND = YES;
				CLANG_ANALYZER_SECURITY_INSECUREAPI_STRCPY = YES;
				CLANG_CXX_LANGUAGE_STANDARD = "gnu++0x";
				CLANG_CXX_LIBRARY = "libc++";
				CLANG_ENABLE_MODULES = YES;
				CLANG_ENABLE_OBJC_ARC = YES;
				CLANG_WARN_BOOL_CONVERSION = YES;
				CLANG_WARN_CONSTANT_CONVERSION = YES;
				CLANG_WARN_DIRECT_OBJC_ISA_USAGE = YES_ERROR;
				CLANG_WARN_EMPTY_BODY = YES;
				CLANG_WARN_ENUM_CONVERSION = YES;
				CLANG_WARN_INT_CONVERSION = YES;
				CLANG_WARN_OBJC_ROOT_CLASS = YES_ERROR;
				CLANG_WARN__DUPLICATE_METHOD_MATCH = YES;
				"CODE_SIGN_IDENTITY[sdk=iphoneos*]" = "iPhone Developer";
				COPY_PHASE_STRIP = YES;
				ENABLE_NS_ASSERTIONS = NO;
				GCC_C_LANGUAGE_STANDARD = gnu99;
				GCC_WARN_64_TO_32_BIT_CONVERSION = YES;
				GCC_WARN_ABOUT_RETURN_TYPE = YES_ERROR;
				GCC_WARN_UNDECLARED_SELECTOR = YES;
				GCC_WARN_UNINITIALIZED_AUTOS = YES;
				GCC_WARN_UNUSED_FUNCTION = YES;
				GCC_WARN_UNUSED_VARIABLE = YES;
				IPHONEOS_DEPLOYMENT_TARGET = 7.0;
				PROVISIONING_PROFILE = "0231078F-FED8-44DD-A34D-7B96B3314EB6";
				SDKROOT = iphoneos;
				VALIDATE_PRODUCT = YES;
			};
			name = "TestFlight Release";
		};
		BED55900185134EC007FD3E6 /* TestFlight Release */ = {
			isa = XCBuildConfiguration;
			baseConfigurationReference = 4F627C2BF55A46F299155184 /* Pods.xcconfig */;
			buildSettings = {
				ASSETCATALOG_COMPILER_APPICON_NAME = AppIcon;
				ASSETCATALOG_COMPILER_LAUNCHIMAGE_NAME = LaunchImage;
				CODE_SIGN_IDENTITY = "iPhone Developer";
				"CODE_SIGN_IDENTITY[sdk=iphoneos*]" = "iPhone Developer";
				GCC_PRECOMPILE_PREFIX_HEADER = YES;
				GCC_PREFIX_HEADER = "victoriOS/victoriOS-Prefix.pch";
				INFOPLIST_FILE = "victoriOS/victoriOS-Info.plist";
				PRODUCT_NAME = "$(TARGET_NAME)";
				PROVISIONING_PROFILE = "";
				WRAPPER_EXTENSION = app;
			};
			name = "TestFlight Release";
		};
		BED55901185134EC007FD3E6 /* TestFlight Release */ = {
			isa = XCBuildConfiguration;
			baseConfigurationReference = 4F627C2BF55A46F299155184 /* Pods.xcconfig */;
			buildSettings = {
				ARCHS = "$(ARCHS_STANDARD_INCLUDING_64_BIT)";
				BUNDLE_LOADER = "$(BUILT_PRODUCTS_DIR)/victoriOS.app/victoriOS";
				FRAMEWORK_SEARCH_PATHS = (
					"$(SDKROOT)/Developer/Library/Frameworks",
					"$(inherited)",
					"$(DEVELOPER_FRAMEWORKS_DIR)",
				);
				GCC_PRECOMPILE_PREFIX_HEADER = YES;
				GCC_PREFIX_HEADER = "victoriOS/victoriOS-Prefix.pch";
				INFOPLIST_FILE = "victoriOSTests/victoriOSTests-Info.plist";
				PRODUCT_NAME = "$(TARGET_NAME)";
				TEST_HOST = "$(BUNDLE_LOADER)";
				WRAPPER_EXTENSION = xctest;
			};
			name = "TestFlight Release";
		};
/* End XCBuildConfiguration section */

/* Begin XCConfigurationList section */
		BEA4F2201843F097001F5B15 /* Build configuration list for PBXProject "victoriOS" */ = {
			isa = XCConfigurationList;
			buildConfigurations = (
				BEA4F2551843F097001F5B15 /* Debug */,
				BED558FC185134E7007FD3E6 /* TestFlight */,
				BEA4F2561843F097001F5B15 /* Release */,
				BED558FF185134EC007FD3E6 /* TestFlight Release */,
			);
			defaultConfigurationIsVisible = 0;
			defaultConfigurationName = Release;
		};
		BEA4F2571843F097001F5B15 /* Build configuration list for PBXNativeTarget "victoriOS" */ = {
			isa = XCConfigurationList;
			buildConfigurations = (
				BEA4F2581843F097001F5B15 /* Debug */,
				BED558FD185134E7007FD3E6 /* TestFlight */,
				BEA4F2591843F097001F5B15 /* Release */,
				BED55900185134EC007FD3E6 /* TestFlight Release */,
			);
			defaultConfigurationIsVisible = 0;
			defaultConfigurationName = Release;
		};
		BEA4F25A1843F097001F5B15 /* Build configuration list for PBXNativeTarget "victoriOSTests" */ = {
			isa = XCConfigurationList;
			buildConfigurations = (
				BEA4F25B1843F097001F5B15 /* Debug */,
				BED558FE185134E7007FD3E6 /* TestFlight */,
				BEA4F25C1843F097001F5B15 /* Release */,
				BED55901185134EC007FD3E6 /* TestFlight Release */,
			);
			defaultConfigurationIsVisible = 0;
			defaultConfigurationName = Release;
		};
/* End XCConfigurationList section */

/* Begin XCVersionGroup section */
		BEA4F23C1843F097001F5B15 /* victoriOS.xcdatamodeld */ = {
			isa = XCVersionGroup;
			children = (
				BEA4F23D1843F097001F5B15 /* victoriOS.xcdatamodel */,
			);
			currentVersion = BEA4F23D1843F097001F5B15 /* victoriOS.xcdatamodel */;
			path = victoriOS.xcdatamodeld;
			sourceTree = "<group>";
			versionGroupType = wrapper.xcdatamodel;
		};
/* End XCVersionGroup section */
	};
	rootObject = BEA4F21D1843F097001F5B15 /* Project object */;
}
